// !$*UTF8*$!
{
	archiveVersion = 1;
	classes = {
	};
	objectVersion = 46;
	objects = {

/* Begin PBXBuildFile section */
		6A126747171558BE000E1059 /* initialDrinkingViewController.m in Sources */ = {isa = PBXBuildFile; fileRef = 6A126745171558BE000E1059 /* initialDrinkingViewController.m */; };
		6A126748171558BE000E1059 /* initialDrinkingViewController.xib in Resources */ = {isa = PBXBuildFile; fileRef = 6A126746171558BE000E1059 /* initialDrinkingViewController.xib */; };
		6A12674A1715598C000E1059 /* initialDrinkingViewController.xib in Sources */ = {isa = PBXBuildFile; fileRef = 6A126746171558BE000E1059 /* initialDrinkingViewController.xib */; };
		6A12674C1715599F000E1059 /* initialDrinkingViewController.m in Resources */ = {isa = PBXBuildFile; fileRef = 6A126745171558BE000E1059 /* initialDrinkingViewController.m */; };
		6A27786B17166D0100D6F899 /* tally-bac-high.png in Resources */ = {isa = PBXBuildFile; fileRef = 6A27785B17166D0100D6F899 /* tally-bac-high.png */; };
		6A27786C17166D0100D6F899 /* tally-bac-low.png in Resources */ = {isa = PBXBuildFile; fileRef = 6A27785C17166D0100D6F899 /* tally-bac-low.png */; };
		6A27786D17166D0100D6F899 /* tally-back-long@2x.png in Resources */ = {isa = PBXBuildFile; fileRef = 6A27785D17166D0100D6F899 /* tally-back-long@2x.png */; };
		6A27786E17166D0100D6F899 /* tally-back-short@2x.png in Resources */ = {isa = PBXBuildFile; fileRef = 6A27785E17166D0100D6F899 /* tally-back-short@2x.png */; };
		6A27786F17166D0100D6F899 /* tally-back-short.png in Resources */ = {isa = PBXBuildFile; fileRef = 6A27785F17166D0100D6F899 /* tally-back-short.png */; };
		6A27787017166D0100D6F899 /* tally-button@2x.png in Resources */ = {isa = PBXBuildFile; fileRef = 6A27786017166D0100D6F899 /* tally-button@2x.png */; };
		6A27787117166D0100D6F899 /* tally-button.png in Resources */ = {isa = PBXBuildFile; fileRef = 6A27786117166D0100D6F899 /* tally-button.png */; };
		6A27787217166D0100D6F899 /* tally-details@2x.png in Resources */ = {isa = PBXBuildFile; fileRef = 6A27786217166D0100D6F899 /* tally-details@2x.png */; };
		6A27787317166D0100D6F899 /* tally-details.png in Resources */ = {isa = PBXBuildFile; fileRef = 6A27786317166D0100D6F899 /* tally-details.png */; };
		6A27787417166D0100D6F899 /* tally-drinks@2x.png in Resources */ = {isa = PBXBuildFile; fileRef = 6A27786417166D0100D6F899 /* tally-drinks@2x.png */; };
		6A27787517166D0100D6F899 /* tally-drinks.png in Resources */ = {isa = PBXBuildFile; fileRef = 6A27786517166D0100D6F899 /* tally-drinks.png */; };
		6A27787617166D0100D6F899 /* tally-keep@2x.png in Resources */ = {isa = PBXBuildFile; fileRef = 6A27786617166D0100D6F899 /* tally-keep@2x.png */; };
		6A27787717166D0100D6F899 /* tally-long@2x.png in Resources */ = {isa = PBXBuildFile; fileRef = 6A27786717166D0100D6F899 /* tally-long@2x.png */; };
		6A27787817166D0100D6F899 /* tally-short@2x.png in Resources */ = {isa = PBXBuildFile; fileRef = 6A27786817166D0100D6F899 /* tally-short@2x.png */; };
		6A27787917166D0100D6F899 /* tally-short.png in Resources */ = {isa = PBXBuildFile; fileRef = 6A27786917166D0100D6F899 /* tally-short.png */; };
		6A27787A17166D0100D6F899 /* tally-start@2x.png in Resources */ = {isa = PBXBuildFile; fileRef = 6A27786A17166D0100D6F899 /* tally-start@2x.png */; };
		6A2F0E7F170E5E2C0069161C /* FoodViewController.xib in Resources */ = {isa = PBXBuildFile; fileRef = 6A2F0E7D170E5E2C0069161C /* FoodViewController.xib */; };
		6A2F0E82170E61D00069161C /* FoodCell.m in Sources */ = {isa = PBXBuildFile; fileRef = 6A2F0E81170E61D00069161C /* FoodCell.m */; };
		6A2F0E87170E6D150069161C /* FoodViewController.m in Sources */ = {isa = PBXBuildFile; fileRef = 6A2F0E86170E6D150069161C /* FoodViewController.m */; };
		6AC9E7F1170E703000E7427F /* FoodCellView.xib in Resources */ = {isa = PBXBuildFile; fileRef = 6AC9E7F0170E703000E7427F /* FoodCellView.xib */; };
		6AD0DD0C18FA0510002C9AD4 /* camera@2x.png in Resources */ = {isa = PBXBuildFile; fileRef = 6AD0DD0B18FA0510002C9AD4 /* camera@2x.png */; };
		B307B1B21714DC6000298D9A /* Home Screen Buttons.plist in Resources */ = {isa = PBXBuildFile; fileRef = B307B1B11714DC6000298D9A /* Home Screen Buttons.plist */; };
		B33EF137170E4E7500874419 /* PictureViewController.m in Sources */ = {isa = PBXBuildFile; fileRef = B33EF135170E4E7500874419 /* PictureViewController.m */; };
		B33EF138170E4E7500874419 /* PictureViewController.xib in Resources */ = {isa = PBXBuildFile; fileRef = B33EF136170E4E7500874419 /* PictureViewController.xib */; };
		B3647030171500E4005B0434 /* overlays-wasted.png in Resources */ = {isa = PBXBuildFile; fileRef = B364702C171500E3005B0434 /* overlays-wasted.png */; };
		B3647031171500E4005B0434 /* overlays-wasted@2x.png in Resources */ = {isa = PBXBuildFile; fileRef = B364702D171500E3005B0434 /* overlays-wasted@2x.png */; };
		B3647032171500E4005B0434 /* shuttle.png in Resources */ = {isa = PBXBuildFile; fileRef = B364702E171500E3005B0434 /* shuttle.png */; };
		B3647033171500E4005B0434 /* shuttle@2x.png in Resources */ = {isa = PBXBuildFile; fileRef = B364702F171500E4005B0434 /* shuttle@2x.png */; };
		B364703717150336005B0434 /* WellnessViewController.m in Sources */ = {isa = PBXBuildFile; fileRef = B364703517150336005B0434 /* WellnessViewController.m */; };
		B364703817150336005B0434 /* WellnessViewController.xib in Resources */ = {isa = PBXBuildFile; fileRef = B364703617150336005B0434 /* WellnessViewController.xib */; };
		B364704117151B41005B0434 /* wellness-old.png in Resources */ = {isa = PBXBuildFile; fileRef = B364703C17151B41005B0434 /* wellness-old.png */; };
		B364704217151B41005B0434 /* wellness-old@2x.png in Resources */ = {isa = PBXBuildFile; fileRef = B364703D17151B41005B0434 /* wellness-old@2x.png */; };
		B3880F8A170CA64000032F40 /* UIKit.framework in Frameworks */ = {isa = PBXBuildFile; fileRef = B3880F89170CA64000032F40 /* UIKit.framework */; };
		B3880F8C170CA64000032F40 /* Foundation.framework in Frameworks */ = {isa = PBXBuildFile; fileRef = B3880F8B170CA64000032F40 /* Foundation.framework */; };
		B3880F8E170CA64000032F40 /* CoreGraphics.framework in Frameworks */ = {isa = PBXBuildFile; fileRef = B3880F8D170CA64000032F40 /* CoreGraphics.framework */; };
		B3880F94170CA64000032F40 /* InfoPlist.strings in Resources */ = {isa = PBXBuildFile; fileRef = B3880F92170CA64000032F40 /* InfoPlist.strings */; };
		B3880F96170CA64000032F40 /* main.m in Sources */ = {isa = PBXBuildFile; fileRef = B3880F95170CA64000032F40 /* main.m */; };
		B3880F9A170CA64000032F40 /* AppDelegate.m in Sources */ = {isa = PBXBuildFile; fileRef = B3880F99170CA64000032F40 /* AppDelegate.m */; };
		B3880FA3170CA64000032F40 /* MainViewController.m in Sources */ = {isa = PBXBuildFile; fileRef = B3880FA2170CA64000032F40 /* MainViewController.m */; };
		B3880FA6170CA64000032F40 /* ViewController_iPhone.xib in Resources */ = {isa = PBXBuildFile; fileRef = B3880FA4170CA64000032F40 /* ViewController_iPhone.xib */; };
		B3880FA9170CA64000032F40 /* ViewController_iPad.xib in Resources */ = {isa = PBXBuildFile; fileRef = B3880FA7170CA64000032F40 /* ViewController_iPad.xib */; };
		B3880FB2170CA97400032F40 /* LauncherCell.m in Sources */ = {isa = PBXBuildFile; fileRef = B3880FB1170CA97400032F40 /* LauncherCell.m */; };
		B3880FB8170CAAE500032F40 /* LauncherCell.xib in Resources */ = {isa = PBXBuildFile; fileRef = B3880FB7170CAAE500032F40 /* LauncherCell.xib */; };
		B39390351725918300FA0FAD /* wellness-info-long@2x.png in Resources */ = {isa = PBXBuildFile; fileRef = B39390321725918300FA0FAD /* wellness-info-long@2x.png */; };
		B39390361725918300FA0FAD /* wellness-info-short@2x.png in Resources */ = {isa = PBXBuildFile; fileRef = B39390331725918300FA0FAD /* wellness-info-short@2x.png */; };
		B39390371725918300FA0FAD /* wellness-info-short.png in Resources */ = {isa = PBXBuildFile; fileRef = B39390341725918300FA0FAD /* wellness-info-short.png */; };
		B393903B172592A700FA0FAD /* NewWellnessViewController.m in Sources */ = {isa = PBXBuildFile; fileRef = B3939039172592A700FA0FAD /* NewWellnessViewController.m */; };
		B393903C172592A700FA0FAD /* NewWellnessViewController.xib in Resources */ = {isa = PBXBuildFile; fileRef = B393903A172592A700FA0FAD /* NewWellnessViewController.xib */; };
		B39390411725979C00FA0FAD /* schedule-short.png in Resources */ = {isa = PBXBuildFile; fileRef = B393903E1725979C00FA0FAD /* schedule-short.png */; };
		B39390421725979C00FA0FAD /* schedule-short@2x.png in Resources */ = {isa = PBXBuildFile; fileRef = B393903F1725979C00FA0FAD /* schedule-short@2x.png */; };
		B3B1FD581716B89C008DE4F4 /* waiting-shortlow2.png in Resources */ = {isa = PBXBuildFile; fileRef = B3B1FD4F1716B898008DE4F4 /* waiting-shortlow2.png */; };
		B3B1FD591716B89C008DE4F4 /* waiting-short2.png in Resources */ = {isa = PBXBuildFile; fileRef = B3B1FD501716B899008DE4F4 /* waiting-short2.png */; };
		B3B1FD5A1716B89C008DE4F4 /* waiting-long2.png in Resources */ = {isa = PBXBuildFile; fileRef = B3B1FD511716B899008DE4F4 /* waiting-long2.png */; };
		B3B1FD5B1716B89C008DE4F4 /* credits-shortlow.png in Resources */ = {isa = PBXBuildFile; fileRef = B3B1FD521716B899008DE4F4 /* credits-shortlow.png */; };
		B3B1FD5C1716B89C008DE4F4 /* credits-short.png in Resources */ = {isa = PBXBuildFile; fileRef = B3B1FD531716B89A008DE4F4 /* credits-short.png */; };
		B3B1FD5D1716B89C008DE4F4 /* credits-long.png in Resources */ = {isa = PBXBuildFile; fileRef = B3B1FD541716B89A008DE4F4 /* credits-long.png */; };
		B3B1FD5E1716B89C008DE4F4 /* waiting-shortlow.png in Resources */ = {isa = PBXBuildFile; fileRef = B3B1FD551716B89B008DE4F4 /* waiting-shortlow.png */; };
		B3B1FD5F1716B89C008DE4F4 /* waiting-long.png in Resources */ = {isa = PBXBuildFile; fileRef = B3B1FD561716B89B008DE4F4 /* waiting-long.png */; };
		B3B1FD601716B89C008DE4F4 /* waiting-short.png in Resources */ = {isa = PBXBuildFile; fileRef = B3B1FD571716B89C008DE4F4 /* waiting-short.png */; };
		B3B1FD631716B90B008DE4F4 /* tally-title.png in Resources */ = {isa = PBXBuildFile; fileRef = B3B1FD611716B90A008DE4F4 /* tally-title.png */; };
		B3B1FD641716B90B008DE4F4 /* tally-title@2x.png in Resources */ = {isa = PBXBuildFile; fileRef = B3B1FD621716B90B008DE4F4 /* tally-title@2x.png */; };
		B3B1FD6B1716B932008DE4F4 /* tally-start.png in Resources */ = {isa = PBXBuildFile; fileRef = B3B1FD651716B92D008DE4F4 /* tally-start.png */; };
		B3B1FD6C1716B932008DE4F4 /* tally-keep.png in Resources */ = {isa = PBXBuildFile; fileRef = B3B1FD661716B92E008DE4F4 /* tally-keep.png */; };
		B3B1FD6D1716B932008DE4F4 /* wellness.png in Resources */ = {isa = PBXBuildFile; fileRef = B3B1FD671716B92F008DE4F4 /* wellness.png */; };
		B3B1FD6E1716B932008DE4F4 /* wellness@2x.png in Resources */ = {isa = PBXBuildFile; fileRef = B3B1FD681716B930008DE4F4 /* wellness@2x.png */; };
		B3B1FD6F1716B932008DE4F4 /* close-text.png in Resources */ = {isa = PBXBuildFile; fileRef = B3B1FD691716B930008DE4F4 /* close-text.png */; };
		B3B1FD701716B932008DE4F4 /* close-button.png in Resources */ = {isa = PBXBuildFile; fileRef = B3B1FD6A1716B931008DE4F4 /* close-button.png */; };
		B3D21E33171224F000A040C6 /* Social.framework in Frameworks */ = {isa = PBXBuildFile; fileRef = B3D21E32171224F000A040C6 /* Social.framework */; };
		B3D21E35171224F600A040C6 /* QuartzCore.framework in Frameworks */ = {isa = PBXBuildFile; fileRef = B3D21E34171224F600A040C6 /* QuartzCore.framework */; };
		B3D21E3917124D1400A040C6 /* overlay-wasted@2x.png in Resources */ = {isa = PBXBuildFile; fileRef = B3D21E3717124D1400A040C6 /* overlay-wasted@2x.png */; };
		B3D21E3C171289CB00A040C6 /* Overlays.plist in Resources */ = {isa = PBXBuildFile; fileRef = B3D21E3B171289CB00A040C6 /* Overlays.plist */; };
		B3D21E8717133FD500A040C6 /* arrow-down.png in Resources */ = {isa = PBXBuildFile; fileRef = B3D21E7F17133FD400A040C6 /* arrow-down.png */; };
		B3D21E8817133FD500A040C6 /* arrow-down@2x.png in Resources */ = {isa = PBXBuildFile; fileRef = B3D21E8017133FD400A040C6 /* arrow-down@2x.png */; };
		B3D21E8917133FD500A040C6 /* arrow-up.png in Resources */ = {isa = PBXBuildFile; fileRef = B3D21E8117133FD400A040C6 /* arrow-up.png */; };
		B3D21E8A17133FD500A040C6 /* arrow-up@2x.png in Resources */ = {isa = PBXBuildFile; fileRef = B3D21E8217133FD400A040C6 /* arrow-up@2x.png */; };
		B3D21E8B17133FD500A040C6 /* icon-store.png in Resources */ = {isa = PBXBuildFile; fileRef = B3D21E8317133FD400A040C6 /* icon-store.png */; };
		B3D21E8C17133FD500A040C6 /* icon-store@2x.png in Resources */ = {isa = PBXBuildFile; fileRef = B3D21E8417133FD400A040C6 /* icon-store@2x.png */; };
		B3D21E9D17133FE300A040C6 /* bkgd-blue-long.png in Resources */ = {isa = PBXBuildFile; fileRef = B3D21E8F17133FE200A040C6 /* bkgd-blue-long.png */; };
		B3D21E9E17133FE300A040C6 /* bkgd-blue-short.png in Resources */ = {isa = PBXBuildFile; fileRef = B3D21E9017133FE200A040C6 /* bkgd-blue-short.png */; };
		B3D21E9F17133FE300A040C6 /* bkgd-blue-short@2x.png in Resources */ = {isa = PBXBuildFile; fileRef = B3D21E9117133FE200A040C6 /* bkgd-blue-short@2x.png */; };
		B3D21EA017133FE300A040C6 /* bkgd-green-long.png in Resources */ = {isa = PBXBuildFile; fileRef = B3D21E9217133FE200A040C6 /* bkgd-green-long.png */; };
		B3D21EA117133FE300A040C6 /* bkgd-green-short.png in Resources */ = {isa = PBXBuildFile; fileRef = B3D21E9317133FE200A040C6 /* bkgd-green-short.png */; };
		B3D21EA217133FE300A040C6 /* bkgd-green-short@2x.png in Resources */ = {isa = PBXBuildFile; fileRef = B3D21E9417133FE200A040C6 /* bkgd-green-short@2x.png */; };
		B3D21EA517133FE300A040C6 /* drink.png in Resources */ = {isa = PBXBuildFile; fileRef = B3D21E9717133FE200A040C6 /* drink.png */; };
		B3D21EA617133FE300A040C6 /* drink@2x.png in Resources */ = {isa = PBXBuildFile; fileRef = B3D21E9817133FE200A040C6 /* drink@2x.png */; };
		B3D21EA717133FE300A040C6 /* navbar.png in Resources */ = {isa = PBXBuildFile; fileRef = B3D21E9917133FE200A040C6 /* navbar.png */; };
		B3D21EA817133FE300A040C6 /* navbar@2x.png in Resources */ = {isa = PBXBuildFile; fileRef = B3D21E9A17133FE300A040C6 /* navbar@2x.png */; };
		B3D21EA917133FE300A040C6 /* navicon-transparent.png in Resources */ = {isa = PBXBuildFile; fileRef = B3D21E9B17133FE300A040C6 /* navicon-transparent.png */; };
		B3D21EAA17133FE300A040C6 /* navicon.png in Resources */ = {isa = PBXBuildFile; fileRef = B3D21E9C17133FE300A040C6 /* navicon.png */; };
		B3D21EB317133FEE00A040C6 /* overlay-hammered.png in Resources */ = {isa = PBXBuildFile; fileRef = B3D21EAD17133FEE00A040C6 /* overlay-hammered.png */; };
		B3D21EB617133FEE00A040C6 /* overlay-wasted.png in Resources */ = {isa = PBXBuildFile; fileRef = B3D21EB017133FEE00A040C6 /* overlay-wasted.png */; };
		B3D21EBE171340FD00A040C6 /* Default-568h@2x.png in Resources */ = {isa = PBXBuildFile; fileRef = B3D21EBD171340FD00A040C6 /* Default-568h@2x.png */; };
		B3D21EC01713411100A040C6 /* Default@2x.png in Resources */ = {isa = PBXBuildFile; fileRef = B3D21EBF1713411000A040C6 /* Default@2x.png */; };
		B3D21EC21713411700A040C6 /* Default.png in Resources */ = {isa = PBXBuildFile; fileRef = B3D21EC11713411500A040C6 /* Default.png */; };
		B3D21EC41713414900A040C6 /* icon@2x.png in Resources */ = {isa = PBXBuildFile; fileRef = B3D21EC31713414600A040C6 /* icon@2x.png */; };
		B3D21EC61713415E00A040C6 /* icon.png in Resources */ = {isa = PBXBuildFile; fileRef = B3D21EC51713415D00A040C6 /* icon.png */; };
		B3D21ECB1713830E00A040C6 /* ModalViewController.m in Sources */ = {isa = PBXBuildFile; fileRef = B3D21EC91713830800A040C6 /* ModalViewController.m */; };
		B3D21ECC1713830E00A040C6 /* ModalViewController.xib in Resources */ = {isa = PBXBuildFile; fileRef = B3D21ECA1713830B00A040C6 /* ModalViewController.xib */; };
		B3EC058917138F2A00453EF3 /* overlay-hammered@2x.png in Resources */ = {isa = PBXBuildFile; fileRef = B3EC058717138F2A00453EF3 /* overlay-hammered@2x.png */; };
		B3EC05951713BF3700453EF3 /* bacActionSheet.m in Sources */ = {isa = PBXBuildFile; fileRef = B3EC058C1713BF3700453EF3 /* bacActionSheet.m */; };
		B3EC05961713BF3700453EF3 /* DrinkCounterViewController.m in Sources */ = {isa = PBXBuildFile; fileRef = B3EC058E1713BF3700453EF3 /* DrinkCounterViewController.m */; };
		B3EC05971713BF3700453EF3 /* DrinkCounterViewController.xib in Resources */ = {isa = PBXBuildFile; fileRef = B3EC058F1713BF3700453EF3 /* DrinkCounterViewController.xib */; };
		B3EC059A1713BF3700453EF3 /* widmarkCalculator.m in Sources */ = {isa = PBXBuildFile; fileRef = B3EC05941713BF3700453EF3 /* widmarkCalculator.m */; };
		B3EC05A61713C9BC00453EF3 /* navicon@2x.png in Resources */ = {isa = PBXBuildFile; fileRef = B3EC059B1713C9BB00453EF3 /* navicon@2x.png */; };
		B3EC05B91713CE2000453EF3 /* overlays-hammered.png in Resources */ = {isa = PBXBuildFile; fileRef = B3EC05B31713CE2000453EF3 /* overlays-hammered.png */; };
		B3EC05BA1713CE2000453EF3 /* overlays-hammered@2x.png in Resources */ = {isa = PBXBuildFile; fileRef = B3EC05B41713CE2000453EF3 /* overlays-hammered@2x.png */; };
		B3EC05BF1713CE4A00453EF3 /* overlays-killinit.png in Resources */ = {isa = PBXBuildFile; fileRef = B3EC05BD1713CE4900453EF3 /* overlays-killinit.png */; };
		B3EC05C01713CE4A00453EF3 /* overlays-killinit@2x.png in Resources */ = {isa = PBXBuildFile; fileRef = B3EC05BE1713CE4900453EF3 /* overlays-killinit@2x.png */; };
/* End PBXBuildFile section */

/* Begin PBXFileReference section */
		6A126744171558BE000E1059 /* initialDrinkingViewController.h */ = {isa = PBXFileReference; fileEncoding = 4; lastKnownFileType = sourcecode.c.h; path = initialDrinkingViewController.h; sourceTree = "<group>"; };
		6A126745171558BE000E1059 /* initialDrinkingViewController.m */ = {isa = PBXFileReference; fileEncoding = 4; lastKnownFileType = sourcecode.c.objc; path = initialDrinkingViewController.m; sourceTree = "<group>"; };
		6A126746171558BE000E1059 /* initialDrinkingViewController.xib */ = {isa = PBXFileReference; fileEncoding = 4; lastKnownFileType = file.xib; path = initialDrinkingViewController.xib; sourceTree = "<group>"; };
		6A27785B17166D0100D6F899 /* tally-bac-high.png */ = {isa = PBXFileReference; lastKnownFileType = image.png; path = "tally-bac-high.png"; sourceTree = "<group>"; };
		6A27785C17166D0100D6F899 /* tally-bac-low.png */ = {isa = PBXFileReference; lastKnownFileType = image.png; path = "tally-bac-low.png"; sourceTree = "<group>"; };
		6A27785D17166D0100D6F899 /* tally-back-long@2x.png */ = {isa = PBXFileReference; lastKnownFileType = image.png; path = "tally-back-long@2x.png"; sourceTree = "<group>"; };
		6A27785E17166D0100D6F899 /* tally-back-short@2x.png */ = {isa = PBXFileReference; lastKnownFileType = image.png; path = "tally-back-short@2x.png"; sourceTree = "<group>"; };
		6A27785F17166D0100D6F899 /* tally-back-short.png */ = {isa = PBXFileReference; lastKnownFileType = image.png; path = "tally-back-short.png"; sourceTree = "<group>"; };
		6A27786017166D0100D6F899 /* tally-button@2x.png */ = {isa = PBXFileReference; lastKnownFileType = image.png; path = "tally-button@2x.png"; sourceTree = "<group>"; };
		6A27786117166D0100D6F899 /* tally-button.png */ = {isa = PBXFileReference; lastKnownFileType = image.png; path = "tally-button.png"; sourceTree = "<group>"; };
		6A27786217166D0100D6F899 /* tally-details@2x.png */ = {isa = PBXFileReference; lastKnownFileType = image.png; path = "tally-details@2x.png"; sourceTree = "<group>"; };
		6A27786317166D0100D6F899 /* tally-details.png */ = {isa = PBXFileReference; lastKnownFileType = image.png; path = "tally-details.png"; sourceTree = "<group>"; };
		6A27786417166D0100D6F899 /* tally-drinks@2x.png */ = {isa = PBXFileReference; lastKnownFileType = image.png; path = "tally-drinks@2x.png"; sourceTree = "<group>"; };
		6A27786517166D0100D6F899 /* tally-drinks.png */ = {isa = PBXFileReference; lastKnownFileType = image.png; path = "tally-drinks.png"; sourceTree = "<group>"; };
		6A27786617166D0100D6F899 /* tally-keep@2x.png */ = {isa = PBXFileReference; lastKnownFileType = image.png; path = "tally-keep@2x.png"; sourceTree = "<group>"; };
		6A27786717166D0100D6F899 /* tally-long@2x.png */ = {isa = PBXFileReference; lastKnownFileType = image.png; path = "tally-long@2x.png"; sourceTree = "<group>"; };
		6A27786817166D0100D6F899 /* tally-short@2x.png */ = {isa = PBXFileReference; lastKnownFileType = image.png; path = "tally-short@2x.png"; sourceTree = "<group>"; };
		6A27786917166D0100D6F899 /* tally-short.png */ = {isa = PBXFileReference; lastKnownFileType = image.png; path = "tally-short.png"; sourceTree = "<group>"; };
		6A27786A17166D0100D6F899 /* tally-start@2x.png */ = {isa = PBXFileReference; lastKnownFileType = image.png; path = "tally-start@2x.png"; sourceTree = "<group>"; };
		6A2F0E7D170E5E2C0069161C /* FoodViewController.xib */ = {isa = PBXFileReference; fileEncoding = 4; lastKnownFileType = file.xib; path = FoodViewController.xib; sourceTree = "<group>"; };
		6A2F0E80170E61D00069161C /* FoodCell.h */ = {isa = PBXFileReference; fileEncoding = 4; lastKnownFileType = sourcecode.c.h; path = FoodCell.h; sourceTree = "<group>"; };
		6A2F0E81170E61D00069161C /* FoodCell.m */ = {isa = PBXFileReference; fileEncoding = 4; lastKnownFileType = sourcecode.c.objc; path = FoodCell.m; sourceTree = "<group>"; };
		6A2F0E85170E6D150069161C /* FoodViewController.h */ = {isa = PBXFileReference; fileEncoding = 4; lastKnownFileType = sourcecode.c.h; path = FoodViewController.h; sourceTree = "<group>"; };
		6A2F0E86170E6D150069161C /* FoodViewController.m */ = {isa = PBXFileReference; fileEncoding = 4; lastKnownFileType = sourcecode.c.objc; path = FoodViewController.m; sourceTree = "<group>"; };
		6AB387531713C89D0045361B /* Constants.h */ = {isa = PBXFileReference; fileEncoding = 4; lastKnownFileType = sourcecode.c.h; path = Constants.h; sourceTree = "<group>"; };
		6AC9E7F0170E703000E7427F /* FoodCellView.xib */ = {isa = PBXFileReference; fileEncoding = 4; lastKnownFileType = file.xib; path = FoodCellView.xib; sourceTree = "<group>"; };
		6AD0DD0B18FA0510002C9AD4 /* camera@2x.png */ = {isa = PBXFileReference; lastKnownFileType = image.png; path = "camera@2x.png"; sourceTree = "<group>"; };
		B307B1B11714DC6000298D9A /* Home Screen Buttons.plist */ = {isa = PBXFileReference; fileEncoding = 4; lastKnownFileType = text.plist.xml; path = "Home Screen Buttons.plist"; sourceTree = "<group>"; };
		B33EF134170E4E7500874419 /* PictureViewController.h */ = {isa = PBXFileReference; fileEncoding = 4; lastKnownFileType = sourcecode.c.h; path = PictureViewController.h; sourceTree = "<group>"; };
		B33EF135170E4E7500874419 /* PictureViewController.m */ = {isa = PBXFileReference; fileEncoding = 4; lastKnownFileType = sourcecode.c.objc; path = PictureViewController.m; sourceTree = "<group>"; };
		B33EF136170E4E7500874419 /* PictureViewController.xib */ = {isa = PBXFileReference; fileEncoding = 4; lastKnownFileType = file.xib; path = PictureViewController.xib; sourceTree = "<group>"; };
		B364702C171500E3005B0434 /* overlays-wasted.png */ = {isa = PBXFileReference; lastKnownFileType = image.png; path = "overlays-wasted.png"; sourceTree = "<group>"; };
		B364702D171500E3005B0434 /* overlays-wasted@2x.png */ = {isa = PBXFileReference; lastKnownFileType = image.png; path = "overlays-wasted@2x.png"; sourceTree = "<group>"; };
		B364702E171500E3005B0434 /* shuttle.png */ = {isa = PBXFileReference; lastKnownFileType = image.png; path = shuttle.png; sourceTree = "<group>"; };
		B364702F171500E4005B0434 /* shuttle@2x.png */ = {isa = PBXFileReference; lastKnownFileType = image.png; path = "shuttle@2x.png"; sourceTree = "<group>"; };
		B364703417150336005B0434 /* WellnessViewController.h */ = {isa = PBXFileReference; fileEncoding = 4; lastKnownFileType = sourcecode.c.h; path = WellnessViewController.h; sourceTree = "<group>"; };
		B364703517150336005B0434 /* WellnessViewController.m */ = {isa = PBXFileReference; fileEncoding = 4; lastKnownFileType = sourcecode.c.objc; path = WellnessViewController.m; sourceTree = "<group>"; };
		B364703617150336005B0434 /* WellnessViewController.xib */ = {isa = PBXFileReference; fileEncoding = 4; lastKnownFileType = file.xib; path = WellnessViewController.xib; sourceTree = "<group>"; };
		B364703C17151B41005B0434 /* wellness-old.png */ = {isa = PBXFileReference; lastKnownFileType = image.png; path = "wellness-old.png"; sourceTree = "<group>"; };
		B364703D17151B41005B0434 /* wellness-old@2x.png */ = {isa = PBXFileReference; lastKnownFileType = image.png; path = "wellness-old@2x.png"; sourceTree = "<group>"; };
		B3880F86170CA64000032F40 /* Ivies.app */ = {isa = PBXFileReference; explicitFileType = wrapper.application; includeInIndex = 0; path = Ivies.app; sourceTree = BUILT_PRODUCTS_DIR; };
		B3880F89170CA64000032F40 /* UIKit.framework */ = {isa = PBXFileReference; lastKnownFileType = wrapper.framework; name = UIKit.framework; path = System/Library/Frameworks/UIKit.framework; sourceTree = SDKROOT; };
		B3880F8B170CA64000032F40 /* Foundation.framework */ = {isa = PBXFileReference; lastKnownFileType = wrapper.framework; name = Foundation.framework; path = System/Library/Frameworks/Foundation.framework; sourceTree = SDKROOT; };
		B3880F8D170CA64000032F40 /* CoreGraphics.framework */ = {isa = PBXFileReference; lastKnownFileType = wrapper.framework; name = CoreGraphics.framework; path = System/Library/Frameworks/CoreGraphics.framework; sourceTree = SDKROOT; };
		B3880F91170CA64000032F40 /* IviesCompanionApp-Info.plist */ = {isa = PBXFileReference; lastKnownFileType = text.plist.xml; path = "IviesCompanionApp-Info.plist"; sourceTree = "<group>"; };
		B3880F93170CA64000032F40 /* en */ = {isa = PBXFileReference; lastKnownFileType = text.plist.strings; name = en; path = en.lproj/InfoPlist.strings; sourceTree = "<group>"; };
		B3880F95170CA64000032F40 /* main.m */ = {isa = PBXFileReference; lastKnownFileType = sourcecode.c.objc; path = main.m; sourceTree = "<group>"; };
		B3880F97170CA64000032F40 /* IviesCompanionApp-Prefix.pch */ = {isa = PBXFileReference; lastKnownFileType = sourcecode.c.h; path = "IviesCompanionApp-Prefix.pch"; sourceTree = "<group>"; };
		B3880F98170CA64000032F40 /* AppDelegate.h */ = {isa = PBXFileReference; lastKnownFileType = sourcecode.c.h; path = AppDelegate.h; sourceTree = "<group>"; };
		B3880F99170CA64000032F40 /* AppDelegate.m */ = {isa = PBXFileReference; lastKnownFileType = sourcecode.c.objc; path = AppDelegate.m; sourceTree = "<group>"; };
		B3880FA1170CA64000032F40 /* MainViewController.h */ = {isa = PBXFileReference; lastKnownFileType = sourcecode.c.h; path = MainViewController.h; sourceTree = "<group>"; };
		B3880FA2170CA64000032F40 /* MainViewController.m */ = {isa = PBXFileReference; lastKnownFileType = sourcecode.c.objc; path = MainViewController.m; sourceTree = "<group>"; };
		B3880FA5170CA64000032F40 /* en */ = {isa = PBXFileReference; lastKnownFileType = file.xib; name = en; path = en.lproj/ViewController_iPhone.xib; sourceTree = "<group>"; };
		B3880FA8170CA64000032F40 /* en */ = {isa = PBXFileReference; lastKnownFileType = file.xib; name = en; path = en.lproj/ViewController_iPad.xib; sourceTree = "<group>"; };
		B3880FB0170CA97400032F40 /* LauncherCell.h */ = {isa = PBXFileReference; fileEncoding = 4; lastKnownFileType = sourcecode.c.h; path = LauncherCell.h; sourceTree = "<group>"; };
		B3880FB1170CA97400032F40 /* LauncherCell.m */ = {isa = PBXFileReference; fileEncoding = 4; lastKnownFileType = sourcecode.c.objc; path = LauncherCell.m; sourceTree = "<group>"; };
		B3880FB7170CAAE500032F40 /* LauncherCell.xib */ = {isa = PBXFileReference; fileEncoding = 4; lastKnownFileType = file.xib; path = LauncherCell.xib; sourceTree = "<group>"; };
		B39390321725918300FA0FAD /* wellness-info-long@2x.png */ = {isa = PBXFileReference; lastKnownFileType = image.png; path = "wellness-info-long@2x.png"; sourceTree = "<group>"; };
		B39390331725918300FA0FAD /* wellness-info-short@2x.png */ = {isa = PBXFileReference; lastKnownFileType = image.png; path = "wellness-info-short@2x.png"; sourceTree = "<group>"; };
		B39390341725918300FA0FAD /* wellness-info-short.png */ = {isa = PBXFileReference; lastKnownFileType = image.png; path = "wellness-info-short.png"; sourceTree = "<group>"; };
		B3939038172592A700FA0FAD /* NewWellnessViewController.h */ = {isa = PBXFileReference; fileEncoding = 4; lastKnownFileType = sourcecode.c.h; path = NewWellnessViewController.h; sourceTree = "<group>"; };
		B3939039172592A700FA0FAD /* NewWellnessViewController.m */ = {isa = PBXFileReference; fileEncoding = 4; lastKnownFileType = sourcecode.c.objc; path = NewWellnessViewController.m; sourceTree = "<group>"; };
		B393903A172592A700FA0FAD /* NewWellnessViewController.xib */ = {isa = PBXFileReference; fileEncoding = 4; lastKnownFileType = file.xib; path = NewWellnessViewController.xib; sourceTree = "<group>"; };
		B393903E1725979C00FA0FAD /* schedule-short.png */ = {isa = PBXFileReference; lastKnownFileType = image.png; path = "schedule-short.png"; sourceTree = "<group>"; };
		B393903F1725979C00FA0FAD /* schedule-short@2x.png */ = {isa = PBXFileReference; lastKnownFileType = image.png; path = "schedule-short@2x.png"; sourceTree = "<group>"; };
		B3B1FD4F1716B898008DE4F4 /* waiting-shortlow2.png */ = {isa = PBXFileReference; lastKnownFileType = image.png; path = "waiting-shortlow2.png"; sourceTree = "<group>"; };
		B3B1FD501716B899008DE4F4 /* waiting-short2.png */ = {isa = PBXFileReference; lastKnownFileType = image.png; path = "waiting-short2.png"; sourceTree = "<group>"; };
		B3B1FD511716B899008DE4F4 /* waiting-long2.png */ = {isa = PBXFileReference; lastKnownFileType = image.png; path = "waiting-long2.png"; sourceTree = "<group>"; };
		B3B1FD521716B899008DE4F4 /* credits-shortlow.png */ = {isa = PBXFileReference; lastKnownFileType = image.png; path = "credits-shortlow.png"; sourceTree = "<group>"; };
		B3B1FD531716B89A008DE4F4 /* credits-short.png */ = {isa = PBXFileReference; lastKnownFileType = image.png; path = "credits-short.png"; sourceTree = "<group>"; };
		B3B1FD541716B89A008DE4F4 /* credits-long.png */ = {isa = PBXFileReference; lastKnownFileType = image.png; path = "credits-long.png"; sourceTree = "<group>"; };
		B3B1FD551716B89B008DE4F4 /* waiting-shortlow.png */ = {isa = PBXFileReference; lastKnownFileType = image.png; path = "waiting-shortlow.png"; sourceTree = "<group>"; };
		B3B1FD561716B89B008DE4F4 /* waiting-long.png */ = {isa = PBXFileReference; lastKnownFileType = image.png; path = "waiting-long.png"; sourceTree = "<group>"; };
		B3B1FD571716B89C008DE4F4 /* waiting-short.png */ = {isa = PBXFileReference; lastKnownFileType = image.png; path = "waiting-short.png"; sourceTree = "<group>"; };
		B3B1FD611716B90A008DE4F4 /* tally-title.png */ = {isa = PBXFileReference; lastKnownFileType = image.png; path = "tally-title.png"; sourceTree = "<group>"; };
		B3B1FD621716B90B008DE4F4 /* tally-title@2x.png */ = {isa = PBXFileReference; lastKnownFileType = image.png; path = "tally-title@2x.png"; sourceTree = "<group>"; };
		B3B1FD651716B92D008DE4F4 /* tally-start.png */ = {isa = PBXFileReference; lastKnownFileType = image.png; path = "tally-start.png"; sourceTree = "<group>"; };
		B3B1FD661716B92E008DE4F4 /* tally-keep.png */ = {isa = PBXFileReference; lastKnownFileType = image.png; path = "tally-keep.png"; sourceTree = "<group>"; };
		B3B1FD671716B92F008DE4F4 /* wellness.png */ = {isa = PBXFileReference; lastKnownFileType = image.png; path = wellness.png; sourceTree = "<group>"; };
		B3B1FD681716B930008DE4F4 /* wellness@2x.png */ = {isa = PBXFileReference; lastKnownFileType = image.png; path = "wellness@2x.png"; sourceTree = "<group>"; };
		B3B1FD691716B930008DE4F4 /* close-text.png */ = {isa = PBXFileReference; lastKnownFileType = image.png; path = "close-text.png"; sourceTree = "<group>"; };
		B3B1FD6A1716B931008DE4F4 /* close-button.png */ = {isa = PBXFileReference; lastKnownFileType = image.png; path = "close-button.png"; sourceTree = "<group>"; };
		B3D21E32171224F000A040C6 /* Social.framework */ = {isa = PBXFileReference; lastKnownFileType = wrapper.framework; name = Social.framework; path = System/Library/Frameworks/Social.framework; sourceTree = SDKROOT; };
		B3D21E34171224F600A040C6 /* QuartzCore.framework */ = {isa = PBXFileReference; lastKnownFileType = wrapper.framework; name = QuartzCore.framework; path = System/Library/Frameworks/QuartzCore.framework; sourceTree = SDKROOT; };
		B3D21E3717124D1400A040C6 /* overlay-wasted@2x.png */ = {isa = PBXFileReference; lastKnownFileType = image.png; path = "overlay-wasted@2x.png"; sourceTree = "<group>"; };
		B3D21E3B171289CB00A040C6 /* Overlays.plist */ = {isa = PBXFileReference; fileEncoding = 4; lastKnownFileType = text.plist.xml; path = Overlays.plist; sourceTree = "<group>"; };
		B3D21E7F17133FD400A040C6 /* arrow-down.png */ = {isa = PBXFileReference; lastKnownFileType = image.png; path = "arrow-down.png"; sourceTree = "<group>"; };
		B3D21E8017133FD400A040C6 /* arrow-down@2x.png */ = {isa = PBXFileReference; lastKnownFileType = image.png; path = "arrow-down@2x.png"; sourceTree = "<group>"; };
		B3D21E8117133FD400A040C6 /* arrow-up.png */ = {isa = PBXFileReference; lastKnownFileType = image.png; path = "arrow-up.png"; sourceTree = "<group>"; };
		B3D21E8217133FD400A040C6 /* arrow-up@2x.png */ = {isa = PBXFileReference; lastKnownFileType = image.png; path = "arrow-up@2x.png"; sourceTree = "<group>"; };
		B3D21E8317133FD400A040C6 /* icon-store.png */ = {isa = PBXFileReference; lastKnownFileType = image.png; path = "icon-store.png"; sourceTree = "<group>"; };
		B3D21E8417133FD400A040C6 /* icon-store@2x.png */ = {isa = PBXFileReference; lastKnownFileType = image.png; path = "icon-store@2x.png"; sourceTree = "<group>"; };
		B3D21E8F17133FE200A040C6 /* bkgd-blue-long.png */ = {isa = PBXFileReference; lastKnownFileType = image.png; path = "bkgd-blue-long.png"; sourceTree = "<group>"; };
		B3D21E9017133FE200A040C6 /* bkgd-blue-short.png */ = {isa = PBXFileReference; lastKnownFileType = image.png; path = "bkgd-blue-short.png"; sourceTree = "<group>"; };
		B3D21E9117133FE200A040C6 /* bkgd-blue-short@2x.png */ = {isa = PBXFileReference; lastKnownFileType = image.png; path = "bkgd-blue-short@2x.png"; sourceTree = "<group>"; };
		B3D21E9217133FE200A040C6 /* bkgd-green-long.png */ = {isa = PBXFileReference; lastKnownFileType = image.png; path = "bkgd-green-long.png"; sourceTree = "<group>"; };
		B3D21E9317133FE200A040C6 /* bkgd-green-short.png */ = {isa = PBXFileReference; lastKnownFileType = image.png; path = "bkgd-green-short.png"; sourceTree = "<group>"; };
		B3D21E9417133FE200A040C6 /* bkgd-green-short@2x.png */ = {isa = PBXFileReference; lastKnownFileType = image.png; path = "bkgd-green-short@2x.png"; sourceTree = "<group>"; };
		B3D21E9717133FE200A040C6 /* drink.png */ = {isa = PBXFileReference; lastKnownFileType = image.png; path = drink.png; sourceTree = "<group>"; };
		B3D21E9817133FE200A040C6 /* drink@2x.png */ = {isa = PBXFileReference; lastKnownFileType = image.png; path = "drink@2x.png"; sourceTree = "<group>"; };
		B3D21E9917133FE200A040C6 /* navbar.png */ = {isa = PBXFileReference; lastKnownFileType = image.png; path = navbar.png; sourceTree = "<group>"; };
		B3D21E9A17133FE300A040C6 /* navbar@2x.png */ = {isa = PBXFileReference; lastKnownFileType = image.png; path = "navbar@2x.png"; sourceTree = "<group>"; };
		B3D21E9B17133FE300A040C6 /* navicon-transparent.png */ = {isa = PBXFileReference; lastKnownFileType = image.png; path = "navicon-transparent.png"; sourceTree = "<group>"; };
		B3D21E9C17133FE300A040C6 /* navicon.png */ = {isa = PBXFileReference; lastKnownFileType = image.png; path = navicon.png; sourceTree = "<group>"; };
		B3D21EAD17133FEE00A040C6 /* overlay-hammered.png */ = {isa = PBXFileReference; lastKnownFileType = image.png; path = "overlay-hammered.png"; sourceTree = "<group>"; };
		B3D21EB017133FEE00A040C6 /* overlay-wasted.png */ = {isa = PBXFileReference; lastKnownFileType = image.png; path = "overlay-wasted.png"; sourceTree = "<group>"; };
		B3D21EBD171340FD00A040C6 /* Default-568h@2x.png */ = {isa = PBXFileReference; lastKnownFileType = image.png; name = "Default-568h@2x.png"; path = "../Default-568h@2x.png"; sourceTree = "<group>"; };
		B3D21EBF1713411000A040C6 /* Default@2x.png */ = {isa = PBXFileReference; lastKnownFileType = image.png; name = "Default@2x.png"; path = "../Default@2x.png"; sourceTree = "<group>"; };
		B3D21EC11713411500A040C6 /* Default.png */ = {isa = PBXFileReference; lastKnownFileType = image.png; name = Default.png; path = ../Default.png; sourceTree = "<group>"; };
		B3D21EC31713414600A040C6 /* icon@2x.png */ = {isa = PBXFileReference; lastKnownFileType = image.png; name = "icon@2x.png"; path = "../icon@2x.png"; sourceTree = "<group>"; };
		B3D21EC51713415D00A040C6 /* icon.png */ = {isa = PBXFileReference; lastKnownFileType = image.png; name = icon.png; path = ../icon.png; sourceTree = "<group>"; };
		B3D21EC81713830700A040C6 /* ModalViewController.h */ = {isa = PBXFileReference; fileEncoding = 4; lastKnownFileType = sourcecode.c.h; path = ModalViewController.h; sourceTree = "<group>"; };
		B3D21EC91713830800A040C6 /* ModalViewController.m */ = {isa = PBXFileReference; fileEncoding = 4; lastKnownFileType = sourcecode.c.objc; path = ModalViewController.m; sourceTree = "<group>"; };
		B3D21ECA1713830B00A040C6 /* ModalViewController.xib */ = {isa = PBXFileReference; fileEncoding = 4; lastKnownFileType = file.xib; path = ModalViewController.xib; sourceTree = "<group>"; };
		B3EC058717138F2A00453EF3 /* overlay-hammered@2x.png */ = {isa = PBXFileReference; lastKnownFileType = image.png; path = "overlay-hammered@2x.png"; sourceTree = "<group>"; };
		B3EC058B1713BF3700453EF3 /* bacActionSheet.h */ = {isa = PBXFileReference; fileEncoding = 4; lastKnownFileType = sourcecode.c.h; path = bacActionSheet.h; sourceTree = "<group>"; };
		B3EC058C1713BF3700453EF3 /* bacActionSheet.m */ = {isa = PBXFileReference; fileEncoding = 4; lastKnownFileType = sourcecode.c.objc; path = bacActionSheet.m; sourceTree = "<group>"; };
		B3EC058D1713BF3700453EF3 /* DrinkCounterViewController.h */ = {isa = PBXFileReference; fileEncoding = 4; lastKnownFileType = sourcecode.c.h; path = DrinkCounterViewController.h; sourceTree = "<group>"; };
		B3EC058E1713BF3700453EF3 /* DrinkCounterViewController.m */ = {isa = PBXFileReference; fileEncoding = 4; lastKnownFileType = sourcecode.c.objc; path = DrinkCounterViewController.m; sourceTree = "<group>"; };
		B3EC058F1713BF3700453EF3 /* DrinkCounterViewController.xib */ = {isa = PBXFileReference; fileEncoding = 4; lastKnownFileType = file.xib; path = DrinkCounterViewController.xib; sourceTree = "<group>"; };
		B3EC05931713BF3700453EF3 /* widmarkCalculator.h */ = {isa = PBXFileReference; fileEncoding = 4; lastKnownFileType = sourcecode.c.h; path = widmarkCalculator.h; sourceTree = "<group>"; };
		B3EC05941713BF3700453EF3 /* widmarkCalculator.m */ = {isa = PBXFileReference; fileEncoding = 4; lastKnownFileType = sourcecode.c.objc; path = widmarkCalculator.m; sourceTree = "<group>"; };
		B3EC059B1713C9BB00453EF3 /* navicon@2x.png */ = {isa = PBXFileReference; lastKnownFileType = image.png; path = "navicon@2x.png"; sourceTree = "<group>"; };
		B3EC05B31713CE2000453EF3 /* overlays-hammered.png */ = {isa = PBXFileReference; lastKnownFileType = image.png; path = "overlays-hammered.png"; sourceTree = "<group>"; };
		B3EC05B41713CE2000453EF3 /* overlays-hammered@2x.png */ = {isa = PBXFileReference; lastKnownFileType = image.png; path = "overlays-hammered@2x.png"; sourceTree = "<group>"; };
		B3EC05BD1713CE4900453EF3 /* overlays-killinit.png */ = {isa = PBXFileReference; lastKnownFileType = image.png; path = "overlays-killinit.png"; sourceTree = "<group>"; };
		B3EC05BE1713CE4900453EF3 /* overlays-killinit@2x.png */ = {isa = PBXFileReference; lastKnownFileType = image.png; path = "overlays-killinit@2x.png"; sourceTree = "<group>"; };
/* End PBXFileReference section */

/* Begin PBXFrameworksBuildPhase section */
		B3880F83170CA64000032F40 /* Frameworks */ = {
			isa = PBXFrameworksBuildPhase;
			buildActionMask = 2147483647;
			files = (
				B3D21E35171224F600A040C6 /* QuartzCore.framework in Frameworks */,
				B3D21E33171224F000A040C6 /* Social.framework in Frameworks */,
				B3880F8A170CA64000032F40 /* UIKit.framework in Frameworks */,
				B3880F8C170CA64000032F40 /* Foundation.framework in Frameworks */,
				B3880F8E170CA64000032F40 /* CoreGraphics.framework in Frameworks */,
			);
			runOnlyForDeploymentPostprocessing = 0;
		};
/* End PBXFrameworksBuildPhase section */

/* Begin PBXGroup section */
		6A27785A17166CC800D6F899 /* DrinkCounterImages */ = {
			isa = PBXGroup;
			children = (
				6A27785B17166D0100D6F899 /* tally-bac-high.png */,
				6A27785C17166D0100D6F899 /* tally-bac-low.png */,
				6A27785D17166D0100D6F899 /* tally-back-long@2x.png */,
				6A27785E17166D0100D6F899 /* tally-back-short@2x.png */,
				6A27785F17166D0100D6F899 /* tally-back-short.png */,
				6A27786017166D0100D6F899 /* tally-button@2x.png */,
				6A27786117166D0100D6F899 /* tally-button.png */,
				6A27786217166D0100D6F899 /* tally-details@2x.png */,
				6A27786317166D0100D6F899 /* tally-details.png */,
				6A27786417166D0100D6F899 /* tally-drinks@2x.png */,
				6A27786517166D0100D6F899 /* tally-drinks.png */,
				6A27786617166D0100D6F899 /* tally-keep@2x.png */,
				6A27786717166D0100D6F899 /* tally-long@2x.png */,
				6A27786817166D0100D6F899 /* tally-short@2x.png */,
				6A27786917166D0100D6F899 /* tally-short.png */,
				6A27786A17166D0100D6F899 /* tally-start@2x.png */,
				B3B1FD4F1716B898008DE4F4 /* waiting-shortlow2.png */,
				B3B1FD611716B90A008DE4F4 /* tally-title.png */,
				B3B1FD651716B92D008DE4F4 /* tally-start.png */,
				B3B1FD661716B92E008DE4F4 /* tally-keep.png */,
				B3B1FD691716B930008DE4F4 /* close-text.png */,
				B3B1FD6A1716B931008DE4F4 /* close-button.png */,
				B3B1FD621716B90B008DE4F4 /* tally-title@2x.png */,
				B3B1FD501716B899008DE4F4 /* waiting-short2.png */,
				B3B1FD511716B899008DE4F4 /* waiting-long2.png */,
				B3B1FD521716B899008DE4F4 /* credits-shortlow.png */,
				B3B1FD531716B89A008DE4F4 /* credits-short.png */,
				B3B1FD541716B89A008DE4F4 /* credits-long.png */,
				B3B1FD551716B89B008DE4F4 /* waiting-shortlow.png */,
				B3B1FD561716B89B008DE4F4 /* waiting-long.png */,
				B3B1FD571716B89C008DE4F4 /* waiting-short.png */,
			);
			name = DrinkCounterImages;
			sourceTree = "<group>";
		};
		6AB387501713C61B0045361B /* DrinkCounter */ = {
			isa = PBXGroup;
			children = (
				B3EC058D1713BF3700453EF3 /* DrinkCounterViewController.h */,
				B3EC058E1713BF3700453EF3 /* DrinkCounterViewController.m */,
				B3EC058F1713BF3700453EF3 /* DrinkCounterViewController.xib */,
				6A126744171558BE000E1059 /* initialDrinkingViewController.h */,
				6A126745171558BE000E1059 /* initialDrinkingViewController.m */,
				6A126746171558BE000E1059 /* initialDrinkingViewController.xib */,
				B3EC058B1713BF3700453EF3 /* bacActionSheet.h */,
				B3EC058C1713BF3700453EF3 /* bacActionSheet.m */,
				B3EC05931713BF3700453EF3 /* widmarkCalculator.h */,
				B3EC05941713BF3700453EF3 /* widmarkCalculator.m */,
			);
			name = DrinkCounter;
			sourceTree = "<group>";
		};
		6AB387511713C62E0045361B /* FoodViewController */ = {
			isa = PBXGroup;
			children = (
				6A2F0E85170E6D150069161C /* FoodViewController.h */,
				6A2F0E86170E6D150069161C /* FoodViewController.m */,
				6A2F0E7D170E5E2C0069161C /* FoodViewController.xib */,
				6A2F0E80170E61D00069161C /* FoodCell.h */,
				6A2F0E81170E61D00069161C /* FoodCell.m */,
				6AC9E7F0170E703000E7427F /* FoodCellView.xib */,
			);
			name = FoodViewController;
			sourceTree = "<group>";
		};
		B307B1B41714DC8B00298D9A /* Home Screen Buttons */ = {
			isa = PBXGroup;
			children = (
				B307B1B11714DC6000298D9A /* Home Screen Buttons.plist */,
				B3D21E9717133FE200A040C6 /* drink.png */,
				B3D21E9817133FE200A040C6 /* drink@2x.png */,
				B364702E171500E3005B0434 /* shuttle.png */,
				B364702F171500E4005B0434 /* shuttle@2x.png */,
				B364703C17151B41005B0434 /* wellness-old.png */,
				B364703D17151B41005B0434 /* wellness-old@2x.png */,
				B3B1FD671716B92F008DE4F4 /* wellness.png */,
				B3B1FD681716B930008DE4F4 /* wellness@2x.png */,
			);
			name = "Home Screen Buttons";
			sourceTree = "<group>";
		};
		B307B1B51714DCAB00298D9A /* Overlays */ = {
			isa = PBXGroup;
			children = (
				B3D21EAD17133FEE00A040C6 /* overlay-hammered.png */,
				B3D21EB017133FEE00A040C6 /* overlay-wasted.png */,
				B3EC058717138F2A00453EF3 /* overlay-hammered@2x.png */,
				B3D21E3717124D1400A040C6 /* overlay-wasted@2x.png */,
				B3EC05BD1713CE4900453EF3 /* overlays-killinit.png */,
				B3EC05BE1713CE4900453EF3 /* overlays-killinit@2x.png */,
				B3EC05B31713CE2000453EF3 /* overlays-hammered.png */,
				B3EC05B41713CE2000453EF3 /* overlays-hammered@2x.png */,
				6AD0DD0B18FA0510002C9AD4 /* camera@2x.png */,
				B364702C171500E3005B0434 /* overlays-wasted.png */,
				B364702D171500E3005B0434 /* overlays-wasted@2x.png */,
				B3D21E3B171289CB00A040C6 /* Overlays.plist */,
			);
			name = Overlays;
			sourceTree = "<group>";
		};
		B3880F7D170CA64000032F40 = {
			isa = PBXGroup;
			children = (
				B3880F8F170CA64000032F40 /* IviesCompanionApp */,
				B3880F88170CA64000032F40 /* Frameworks */,
				B3880F87170CA64000032F40 /* Products */,
			);
			sourceTree = "<group>";
		};
		B3880F87170CA64000032F40 /* Products */ = {
			isa = PBXGroup;
			children = (
				B3880F86170CA64000032F40 /* Ivies.app */,
			);
			name = Products;
			sourceTree = "<group>";
		};
		B3880F88170CA64000032F40 /* Frameworks */ = {
			isa = PBXGroup;
			children = (
				B3D21E34171224F600A040C6 /* QuartzCore.framework */,
				B3D21E32171224F000A040C6 /* Social.framework */,
				B3880F89170CA64000032F40 /* UIKit.framework */,
				B3880F8B170CA64000032F40 /* Foundation.framework */,
				B3880F8D170CA64000032F40 /* CoreGraphics.framework */,
			);
			name = Frameworks;
			sourceTree = "<group>";
		};
		B3880F8F170CA64000032F40 /* IviesCompanionApp */ = {
			isa = PBXGroup;
			children = (
				6AB387531713C89D0045361B /* Constants.h */,
				B3880F98170CA64000032F40 /* AppDelegate.h */,
				B3880F99170CA64000032F40 /* AppDelegate.m */,
				B3880FA1170CA64000032F40 /* MainViewController.h */,
				B3880FA2170CA64000032F40 /* MainViewController.m */,
				B3880FA4170CA64000032F40 /* ViewController_iPhone.xib */,
				B3880FA7170CA64000032F40 /* ViewController_iPad.xib */,
				B3880FB0170CA97400032F40 /* LauncherCell.h */,
				B3880FB1170CA97400032F40 /* LauncherCell.m */,
				B3880FB7170CAAE500032F40 /* LauncherCell.xib */,
				B3D21EC81713830700A040C6 /* ModalViewController.h */,
				B3D21EC91713830800A040C6 /* ModalViewController.m */,
				B3D21ECA1713830B00A040C6 /* ModalViewController.xib */,
				B33EF134170E4E7500874419 /* PictureViewController.h */,
				B33EF135170E4E7500874419 /* PictureViewController.m */,
				B33EF136170E4E7500874419 /* PictureViewController.xib */,
				B364703417150336005B0434 /* WellnessViewController.h */,
				B364703517150336005B0434 /* WellnessViewController.m */,
				B364703617150336005B0434 /* WellnessViewController.xib */,
				B3939038172592A700FA0FAD /* NewWellnessViewController.h */,
				B3939039172592A700FA0FAD /* NewWellnessViewController.m */,
				B393903A172592A700FA0FAD /* NewWellnessViewController.xib */,
				6AB387501713C61B0045361B /* DrinkCounter */,
				6AB387511713C62E0045361B /* FoodViewController */,
				B3D21E3A17124D2E00A040C6 /* Pictures */,
				B3880F90170CA64000032F40 /* Supporting Files */,
			);
			path = IviesCompanionApp;
			sourceTree = "<group>";
		};
		B3880F90170CA64000032F40 /* Supporting Files */ = {
			isa = PBXGroup;
			children = (
				B3880F91170CA64000032F40 /* IviesCompanionApp-Info.plist */,
				B3880F92170CA64000032F40 /* InfoPlist.strings */,
				B3880F95170CA64000032F40 /* main.m */,
				B3880F97170CA64000032F40 /* IviesCompanionApp-Prefix.pch */,
			);
			name = "Supporting Files";
			sourceTree = "<group>";
		};
		B3D21E3A17124D2E00A040C6 /* Pictures */ = {
			isa = PBXGroup;
			children = (
				B39390321725918300FA0FAD /* wellness-info-long@2x.png */,
				B39390331725918300FA0FAD /* wellness-info-short@2x.png */,
				B39390341725918300FA0FAD /* wellness-info-short.png */,
				B307B1B51714DCAB00298D9A /* Overlays */,
				B307B1B41714DC8B00298D9A /* Home Screen Buttons */,
				B3D21EC11713411500A040C6 /* Default.png */,
				B3D21EBF1713411000A040C6 /* Default@2x.png */,
				B3D21EBD171340FD00A040C6 /* Default-568h@2x.png */,
				B3D21EC51713415D00A040C6 /* icon.png */,
				6A27785A17166CC800D6F899 /* DrinkCounterImages */,
				B3D21EC31713414600A040C6 /* icon@2x.png */,
				B393903E1725979C00FA0FAD /* schedule-short.png */,
				B393903F1725979C00FA0FAD /* schedule-short@2x.png */,
				B3D21E8F17133FE200A040C6 /* bkgd-blue-long.png */,
				B3D21E9017133FE200A040C6 /* bkgd-blue-short.png */,
				B3D21E9117133FE200A040C6 /* bkgd-blue-short@2x.png */,
				B3D21E9217133FE200A040C6 /* bkgd-green-long.png */,
				B3D21E9317133FE200A040C6 /* bkgd-green-short.png */,
				B3D21E9417133FE200A040C6 /* bkgd-green-short@2x.png */,
				B3D21E9917133FE200A040C6 /* navbar.png */,
				B3D21E9A17133FE300A040C6 /* navbar@2x.png */,
				B3D21E9B17133FE300A040C6 /* navicon-transparent.png */,
				B3D21E9C17133FE300A040C6 /* navicon.png */,
				B3EC059B1713C9BB00453EF3 /* navicon@2x.png */,
				B3D21E7F17133FD400A040C6 /* arrow-down.png */,
				B3D21E8017133FD400A040C6 /* arrow-down@2x.png */,
				B3D21E8117133FD400A040C6 /* arrow-up.png */,
				B3D21E8217133FD400A040C6 /* arrow-up@2x.png */,
				B3D21E8317133FD400A040C6 /* icon-store.png */,
				B3D21E8417133FD400A040C6 /* icon-store@2x.png */,
			);
			name = Pictures;
			sourceTree = "<group>";
		};
/* End PBXGroup section */

/* Begin PBXNativeTarget section */
		B3880F85170CA64000032F40 /* IviesCompanionApp */ = {
			isa = PBXNativeTarget;
			buildConfigurationList = B3880FAC170CA64000032F40 /* Build configuration list for PBXNativeTarget "IviesCompanionApp" */;
			buildPhases = (
				B3880F82170CA64000032F40 /* Sources */,
				B3880F83170CA64000032F40 /* Frameworks */,
				B3880F84170CA64000032F40 /* Resources */,
			);
			buildRules = (
			);
			dependencies = (
			);
			name = IviesCompanionApp;
			productName = IviesCompanionApp;
			productReference = B3880F86170CA64000032F40 /* Ivies.app */;
			productType = "com.apple.product-type.application";
		};
/* End PBXNativeTarget section */

/* Begin PBXProject section */
		B3880F7E170CA64000032F40 /* Project object */ = {
			isa = PBXProject;
			attributes = {
				LastUpgradeCheck = 0460;
				ORGANIZATIONNAME = "Connor Smith";
			};
			buildConfigurationList = B3880F81170CA64000032F40 /* Build configuration list for PBXProject "IviesCompanionApp" */;
			compatibilityVersion = "Xcode 3.2";
			developmentRegion = English;
			hasScannedForEncodings = 0;
			knownRegions = (
				en,
			);
			mainGroup = B3880F7D170CA64000032F40;
			productRefGroup = B3880F87170CA64000032F40 /* Products */;
			projectDirPath = "";
			projectRoot = "";
			targets = (
				B3880F85170CA64000032F40 /* IviesCompanionApp */,
			);
		};
/* End PBXProject section */

/* Begin PBXResourcesBuildPhase section */
		B3880F84170CA64000032F40 /* Resources */ = {
			isa = PBXResourcesBuildPhase;
			buildActionMask = 2147483647;
			files = (
				6A12674C1715599F000E1059 /* initialDrinkingViewController.m in Resources */,
				B3880F94170CA64000032F40 /* InfoPlist.strings in Resources */,
				B3880FA6170CA64000032F40 /* ViewController_iPhone.xib in Resources */,
				B3880FA9170CA64000032F40 /* ViewController_iPad.xib in Resources */,
				B3880FB8170CAAE500032F40 /* LauncherCell.xib in Resources */,
				B33EF138170E4E7500874419 /* PictureViewController.xib in Resources */,
				6A2F0E7F170E5E2C0069161C /* FoodViewController.xib in Resources */,
				6AC9E7F1170E703000E7427F /* FoodCellView.xib in Resources */,
				B3D21E3917124D1400A040C6 /* overlay-wasted@2x.png in Resources */,
				B3D21E3C171289CB00A040C6 /* Overlays.plist in Resources */,
				B3D21E8717133FD500A040C6 /* arrow-down.png in Resources */,
				6AD0DD0C18FA0510002C9AD4 /* camera@2x.png in Resources */,
				B3D21E8817133FD500A040C6 /* arrow-down@2x.png in Resources */,
				B3D21E8917133FD500A040C6 /* arrow-up.png in Resources */,
				B3D21E8A17133FD500A040C6 /* arrow-up@2x.png in Resources */,
				B3D21E8B17133FD500A040C6 /* icon-store.png in Resources */,
				B3D21E8C17133FD500A040C6 /* icon-store@2x.png in Resources */,
				B3D21E9D17133FE300A040C6 /* bkgd-blue-long.png in Resources */,
				B3D21E9E17133FE300A040C6 /* bkgd-blue-short.png in Resources */,
				B3D21E9F17133FE300A040C6 /* bkgd-blue-short@2x.png in Resources */,
				B3D21EA017133FE300A040C6 /* bkgd-green-long.png in Resources */,
				B3D21EA117133FE300A040C6 /* bkgd-green-short.png in Resources */,
				B3D21EA217133FE300A040C6 /* bkgd-green-short@2x.png in Resources */,
				B3D21EA517133FE300A040C6 /* drink.png in Resources */,
				B3D21EA617133FE300A040C6 /* drink@2x.png in Resources */,
				B3D21EA717133FE300A040C6 /* navbar.png in Resources */,
				B3D21EA817133FE300A040C6 /* navbar@2x.png in Resources */,
				B3D21EA917133FE300A040C6 /* navicon-transparent.png in Resources */,
				B3D21EAA17133FE300A040C6 /* navicon.png in Resources */,
				B3D21EB317133FEE00A040C6 /* overlay-hammered.png in Resources */,
				B3D21EB617133FEE00A040C6 /* overlay-wasted.png in Resources */,
				B3D21EBE171340FD00A040C6 /* Default-568h@2x.png in Resources */,
				B3D21EC01713411100A040C6 /* Default@2x.png in Resources */,
				B3D21EC21713411700A040C6 /* Default.png in Resources */,
				B3D21EC41713414900A040C6 /* icon@2x.png in Resources */,
				B3D21EC61713415E00A040C6 /* icon.png in Resources */,
				B3D21ECC1713830E00A040C6 /* ModalViewController.xib in Resources */,
				B3EC058917138F2A00453EF3 /* overlay-hammered@2x.png in Resources */,
				B3EC05971713BF3700453EF3 /* DrinkCounterViewController.xib in Resources */,
				B3EC05A61713C9BC00453EF3 /* navicon@2x.png in Resources */,
				B3EC05B91713CE2000453EF3 /* overlays-hammered.png in Resources */,
				B3EC05BA1713CE2000453EF3 /* overlays-hammered@2x.png in Resources */,
				B3EC05BF1713CE4A00453EF3 /* overlays-killinit.png in Resources */,
				B3EC05C01713CE4A00453EF3 /* overlays-killinit@2x.png in Resources */,
				B307B1B21714DC6000298D9A /* Home Screen Buttons.plist in Resources */,
				B3647030171500E4005B0434 /* overlays-wasted.png in Resources */,
				B3647031171500E4005B0434 /* overlays-wasted@2x.png in Resources */,
				B3647032171500E4005B0434 /* shuttle.png in Resources */,
				B3647033171500E4005B0434 /* shuttle@2x.png in Resources */,
				B364703817150336005B0434 /* WellnessViewController.xib in Resources */,
				B364704117151B41005B0434 /* wellness-old.png in Resources */,
				B364704217151B41005B0434 /* wellness-old@2x.png in Resources */,
				6A126748171558BE000E1059 /* initialDrinkingViewController.xib in Resources */,
				6A27786B17166D0100D6F899 /* tally-bac-high.png in Resources */,
				6A27786C17166D0100D6F899 /* tally-bac-low.png in Resources */,
				6A27786D17166D0100D6F899 /* tally-back-long@2x.png in Resources */,
				6A27786E17166D0100D6F899 /* tally-back-short@2x.png in Resources */,
				6A27786F17166D0100D6F899 /* tally-back-short.png in Resources */,
				6A27787017166D0100D6F899 /* tally-button@2x.png in Resources */,
				6A27787117166D0100D6F899 /* tally-button.png in Resources */,
				6A27787217166D0100D6F899 /* tally-details@2x.png in Resources */,
				6A27787317166D0100D6F899 /* tally-details.png in Resources */,
				6A27787417166D0100D6F899 /* tally-drinks@2x.png in Resources */,
				6A27787517166D0100D6F899 /* tally-drinks.png in Resources */,
				6A27787617166D0100D6F899 /* tally-keep@2x.png in Resources */,
				6A27787717166D0100D6F899 /* tally-long@2x.png in Resources */,
				6A27787817166D0100D6F899 /* tally-short@2x.png in Resources */,
				6A27787917166D0100D6F899 /* tally-short.png in Resources */,
				6A27787A17166D0100D6F899 /* tally-start@2x.png in Resources */,
				B3B1FD581716B89C008DE4F4 /* waiting-shortlow2.png in Resources */,
				B3B1FD591716B89C008DE4F4 /* waiting-short2.png in Resources */,
				B3B1FD5A1716B89C008DE4F4 /* waiting-long2.png in Resources */,
				B3B1FD5B1716B89C008DE4F4 /* credits-shortlow.png in Resources */,
				B3B1FD5C1716B89C008DE4F4 /* credits-short.png in Resources */,
				B3B1FD5D1716B89C008DE4F4 /* credits-long.png in Resources */,
				B3B1FD5E1716B89C008DE4F4 /* waiting-shortlow.png in Resources */,
				B3B1FD5F1716B89C008DE4F4 /* waiting-long.png in Resources */,
				B3B1FD601716B89C008DE4F4 /* waiting-short.png in Resources */,
				B3B1FD631716B90B008DE4F4 /* tally-title.png in Resources */,
				B3B1FD641716B90B008DE4F4 /* tally-title@2x.png in Resources */,
				B3B1FD6B1716B932008DE4F4 /* tally-start.png in Resources */,
				B3B1FD6C1716B932008DE4F4 /* tally-keep.png in Resources */,
				B3B1FD6D1716B932008DE4F4 /* wellness.png in Resources */,
				B3B1FD6E1716B932008DE4F4 /* wellness@2x.png in Resources */,
				B3B1FD6F1716B932008DE4F4 /* close-text.png in Resources */,
				B3B1FD701716B932008DE4F4 /* close-button.png in Resources */,
				B39390351725918300FA0FAD /* wellness-info-long@2x.png in Resources */,
				B39390361725918300FA0FAD /* wellness-info-short@2x.png in Resources */,
				B39390371725918300FA0FAD /* wellness-info-short.png in Resources */,
				B393903C172592A700FA0FAD /* NewWellnessViewController.xib in Resources */,
				B39390411725979C00FA0FAD /* schedule-short.png in Resources */,
				B39390421725979C00FA0FAD /* schedule-short@2x.png in Resources */,
			);
			runOnlyForDeploymentPostprocessing = 0;
		};
/* End PBXResourcesBuildPhase section */

/* Begin PBXSourcesBuildPhase section */
		B3880F82170CA64000032F40 /* Sources */ = {
			isa = PBXSourcesBuildPhase;
			buildActionMask = 2147483647;
			files = (
				6A12674A1715598C000E1059 /* initialDrinkingViewController.xib in Sources */,
				B3880F96170CA64000032F40 /* main.m in Sources */,
				B3880F9A170CA64000032F40 /* AppDelegate.m in Sources */,
				B3880FA3170CA64000032F40 /* MainViewController.m in Sources */,
				B3880FB2170CA97400032F40 /* LauncherCell.m in Sources */,
				B33EF137170E4E7500874419 /* PictureViewController.m in Sources */,
				6A2F0E82170E61D00069161C /* FoodCell.m in Sources */,
				6A2F0E87170E6D150069161C /* FoodViewController.m in Sources */,
				B3D21ECB1713830E00A040C6 /* ModalViewController.m in Sources */,
				B3EC05951713BF3700453EF3 /* bacActionSheet.m in Sources */,
				B3EC05961713BF3700453EF3 /* DrinkCounterViewController.m in Sources */,
				B3EC059A1713BF3700453EF3 /* widmarkCalculator.m in Sources */,
				B364703717150336005B0434 /* WellnessViewController.m in Sources */,
				6A126747171558BE000E1059 /* initialDrinkingViewController.m in Sources */,
				B393903B172592A700FA0FAD /* NewWellnessViewController.m in Sources */,
			);
			runOnlyForDeploymentPostprocessing = 0;
		};
/* End PBXSourcesBuildPhase section */

/* Begin PBXVariantGroup section */
		B3880F92170CA64000032F40 /* InfoPlist.strings */ = {
			isa = PBXVariantGroup;
			children = (
				B3880F93170CA64000032F40 /* en */,
			);
			name = InfoPlist.strings;
			sourceTree = "<group>";
		};
		B3880FA4170CA64000032F40 /* ViewController_iPhone.xib */ = {
			isa = PBXVariantGroup;
			children = (
				B3880FA5170CA64000032F40 /* en */,
			);
			name = ViewController_iPhone.xib;
			sourceTree = "<group>";
		};
		B3880FA7170CA64000032F40 /* ViewController_iPad.xib */ = {
			isa = PBXVariantGroup;
			children = (
				B3880FA8170CA64000032F40 /* en */,
			);
			name = ViewController_iPad.xib;
			sourceTree = "<group>";
		};
/* End PBXVariantGroup section */

/* Begin XCBuildConfiguration section */
		B3880FAA170CA64000032F40 /* Debug */ = {
			isa = XCBuildConfiguration;
			buildSettings = {
				ALWAYS_SEARCH_USER_PATHS = NO;
				CLANG_CXX_LANGUAGE_STANDARD = "gnu++0x";
				CLANG_CXX_LIBRARY = "libc++";
				CLANG_ENABLE_OBJC_ARC = YES;
				CLANG_WARN_CONSTANT_CONVERSION = YES;
				CLANG_WARN_EMPTY_BODY = YES;
				CLANG_WARN_ENUM_CONVERSION = YES;
				CLANG_WARN_INT_CONVERSION = YES;
				CLANG_WARN__DUPLICATE_METHOD_MATCH = YES;
				"CODE_SIGN_IDENTITY[sdk=iphoneos*]" = "iPhone Developer";
				COPY_PHASE_STRIP = NO;
				GCC_C_LANGUAGE_STANDARD = gnu99;
				GCC_DYNAMIC_NO_PIC = NO;
				GCC_OPTIMIZATION_LEVEL = 0;
				GCC_PREPROCESSOR_DEFINITIONS = (
					"DEBUG=1",
					"$(inherited)",
				);
				GCC_SYMBOLS_PRIVATE_EXTERN = NO;
				GCC_WARN_ABOUT_RETURN_TYPE = YES;
				GCC_WARN_UNINITIALIZED_AUTOS = YES;
				GCC_WARN_UNUSED_VARIABLE = YES;
				IPHONEOS_DEPLOYMENT_TARGET = 6.1;
				ONLY_ACTIVE_ARCH = YES;
				SDKROOT = iphoneos;
				TARGETED_DEVICE_FAMILY = "1,2";
			};
			name = Debug;
		};
		B3880FAB170CA64000032F40 /* Release */ = {
			isa = XCBuildConfiguration;
			buildSettings = {
				ALWAYS_SEARCH_USER_PATHS = NO;
				CLANG_CXX_LANGUAGE_STANDARD = "gnu++0x";
				CLANG_CXX_LIBRARY = "libc++";
				CLANG_ENABLE_OBJC_ARC = YES;
				CLANG_WARN_CONSTANT_CONVERSION = YES;
				CLANG_WARN_EMPTY_BODY = YES;
				CLANG_WARN_ENUM_CONVERSION = YES;
				CLANG_WARN_INT_CONVERSION = YES;
				CLANG_WARN__DUPLICATE_METHOD_MATCH = YES;
				"CODE_SIGN_IDENTITY[sdk=iphoneos*]" = "iPhone Developer";
				COPY_PHASE_STRIP = YES;
				GCC_C_LANGUAGE_STANDARD = gnu99;
				GCC_WARN_ABOUT_RETURN_TYPE = YES;
				GCC_WARN_UNINITIALIZED_AUTOS = YES;
				GCC_WARN_UNUSED_VARIABLE = YES;
				IPHONEOS_DEPLOYMENT_TARGET = 6.1;
				OTHER_CFLAGS = "-DNS_BLOCK_ASSERTIONS=1";
				SDKROOT = iphoneos;
				TARGETED_DEVICE_FAMILY = "1,2";
				VALIDATE_PRODUCT = YES;
			};
			name = Release;
		};
		B3880FAD170CA64000032F40 /* Debug */ = {
			isa = XCBuildConfiguration;
			buildSettings = {
				CODE_SIGN_IDENTITY = "iPhone Developer: Tristan McCormick (U35E3CJT63)";
				"CODE_SIGN_IDENTITY[sdk=iphoneos*]" = "iPhone Developer: Tristan McCormick (U35E3CJT63)";
				GCC_PRECOMPILE_PREFIX_HEADER = YES;
				GCC_PREFIX_HEADER = "IviesCompanionApp/IviesCompanionApp-Prefix.pch";
				INFOPLIST_FILE = "IviesCompanionApp/IviesCompanionApp-Info.plist";
				PRODUCT_NAME = Ivies;
				PROVISIONING_PROFILE = "A03D88C1-94F1-40D7-8AF6-C68616AA56A3";
				"PROVISIONING_PROFILE[sdk=iphoneos*]" = "A03D88C1-94F1-40D7-8AF6-C68616AA56A3";
				TARGETED_DEVICE_FAMILY = 1;
				WRAPPER_EXTENSION = app;
			};
			name = Debug;
		};
		B3880FAE170CA64000032F40 /* Release */ = {
			isa = XCBuildConfiguration;
			buildSettings = {
				CODE_SIGN_IDENTITY = "iPhone Distribution: TRISTAN MCCORMICK (2AMQ2N9968)";
				"CODE_SIGN_IDENTITY[sdk=iphoneos*]" = "iPhone Distribution: TRISTAN MCCORMICK (2AMQ2N9968)";
				GCC_PRECOMPILE_PREFIX_HEADER = YES;
				GCC_PREFIX_HEADER = "IviesCompanionApp/IviesCompanionApp-Prefix.pch";
				INFOPLIST_FILE = "IviesCompanionApp/IviesCompanionApp-Info.plist";
				PRODUCT_NAME = Ivies;
				PROVISIONING_PROFILE = "6538094A-C9BD-4FE2-9C11-6F42193ECA7B";
				"PROVISIONING_PROFILE[sdk=iphoneos*]" = "6538094A-C9BD-4FE2-9C11-6F42193ECA7B";
				TARGETED_DEVICE_FAMILY = 1;
				WRAPPER_EXTENSION = app;
			};
			name = Release;
		};
/* End XCBuildConfiguration section */

/* Begin XCConfigurationList section */
		B3880F81170CA64000032F40 /* Build configuration list for PBXProject "IviesCompanionApp" */ = {
			isa = XCConfigurationList;
			buildConfigurations = (
				B3880FAA170CA64000032F40 /* Debug */,
				B3880FAB170CA64000032F40 /* Release */,
			);
			defaultConfigurationIsVisible = 0;
			defaultConfigurationName = Release;
		};
		B3880FAC170CA64000032F40 /* Build configuration list for PBXNativeTarget "IviesCompanionApp" */ = {
			isa = XCConfigurationList;
			buildConfigurations = (
				B3880FAD170CA64000032F40 /* Debug */,
				B3880FAE170CA64000032F40 /* Release */,
			);
			defaultConfigurationIsVisible = 0;
			defaultConfigurationName = Release;
		};
/* End XCConfigurationList section */
	};
	rootObject = B3880F7E170CA64000032F40 /* Project object */;
}
