// !$*UTF8*$!
{
	archiveVersion = 1;
	classes = {
	};
	objectVersion = 46;
	objects = {

/* Begin PBXBuildFile section */
		6A2F0E7F170E5E2C0069161C /* FoodViewController.xib in Resources */ = {isa = PBXBuildFile; fileRef = 6A2F0E7D170E5E2C0069161C /* FoodViewController.xib */; };
		6A2F0E82170E61D00069161C /* FoodCell.m in Sources */ = {isa = PBXBuildFile; fileRef = 6A2F0E81170E61D00069161C /* FoodCell.m */; };
		6A2F0E87170E6D150069161C /* FoodViewController.m in Sources */ = {isa = PBXBuildFile; fileRef = 6A2F0E86170E6D150069161C /* FoodViewController.m */; };
		6A83F73C1710CBC900EAD1CA /* bacActionSheet.m in Sources */ = {isa = PBXBuildFile; fileRef = 6A83F73B1710CBC900EAD1CA /* bacActionSheet.m */; };
		6AC9E7F1170E703000E7427F /* FoodCellView.xib in Resources */ = {isa = PBXBuildFile; fileRef = 6AC9E7F0170E703000E7427F /* FoodCellView.xib */; };
		6ADB9007170FC38E005C90A8 /* DrinkCounterViewController.m in Sources */ = {isa = PBXBuildFile; fileRef = 6ADB9005170FC38E005C90A8 /* DrinkCounterViewController.m */; };
		6ADB9008170FC38E005C90A8 /* DrinkCounterViewController.xib in Resources */ = {isa = PBXBuildFile; fileRef = 6ADB9006170FC38E005C90A8 /* DrinkCounterViewController.xib */; };
		B33EF137170E4E7500874419 /* PictureViewController.m in Sources */ = {isa = PBXBuildFile; fileRef = B33EF135170E4E7500874419 /* PictureViewController.m */; };
		B33EF138170E4E7500874419 /* PictureViewController.xib in Resources */ = {isa = PBXBuildFile; fileRef = B33EF136170E4E7500874419 /* PictureViewController.xib */; };
		B33EF13A170E6E7700874419 /* overlay1.png in Resources */ = {isa = PBXBuildFile; fileRef = B33EF139170E6E7700874419 /* overlay1.png */; };
		B3880F8A170CA64000032F40 /* UIKit.framework in Frameworks */ = {isa = PBXBuildFile; fileRef = B3880F89170CA64000032F40 /* UIKit.framework */; };
		B3880F8C170CA64000032F40 /* Foundation.framework in Frameworks */ = {isa = PBXBuildFile; fileRef = B3880F8B170CA64000032F40 /* Foundation.framework */; };
		B3880F8E170CA64000032F40 /* CoreGraphics.framework in Frameworks */ = {isa = PBXBuildFile; fileRef = B3880F8D170CA64000032F40 /* CoreGraphics.framework */; };
		B3880F94170CA64000032F40 /* InfoPlist.strings in Resources */ = {isa = PBXBuildFile; fileRef = B3880F92170CA64000032F40 /* InfoPlist.strings */; };
		B3880F96170CA64000032F40 /* main.m in Sources */ = {isa = PBXBuildFile; fileRef = B3880F95170CA64000032F40 /* main.m */; };
		B3880F9A170CA64000032F40 /* AppDelegate.m in Sources */ = {isa = PBXBuildFile; fileRef = B3880F99170CA64000032F40 /* AppDelegate.m */; };
		B3880F9C170CA64000032F40 /* Default.png in Resources */ = {isa = PBXBuildFile; fileRef = B3880F9B170CA64000032F40 /* Default.png */; };
		B3880F9E170CA64000032F40 /* Default@2x.png in Resources */ = {isa = PBXBuildFile; fileRef = B3880F9D170CA64000032F40 /* Default@2x.png */; };
		B3880FA0170CA64000032F40 /* Default-568h@2x.png in Resources */ = {isa = PBXBuildFile; fileRef = B3880F9F170CA64000032F40 /* Default-568h@2x.png */; };
		B3880FA3170CA64000032F40 /* MainViewController.m in Sources */ = {isa = PBXBuildFile; fileRef = B3880FA2170CA64000032F40 /* MainViewController.m */; };
		B3880FA6170CA64000032F40 /* ViewController_iPhone.xib in Resources */ = {isa = PBXBuildFile; fileRef = B3880FA4170CA64000032F40 /* ViewController_iPhone.xib */; };
		B3880FA9170CA64000032F40 /* ViewController_iPad.xib in Resources */ = {isa = PBXBuildFile; fileRef = B3880FA7170CA64000032F40 /* ViewController_iPad.xib */; };
		B3880FB2170CA97400032F40 /* LauncherCell.m in Sources */ = {isa = PBXBuildFile; fileRef = B3880FB1170CA97400032F40 /* LauncherCell.m */; };
		B3880FB8170CAAE500032F40 /* LauncherCell.xib in Resources */ = {isa = PBXBuildFile; fileRef = B3880FB7170CAAE500032F40 /* LauncherCell.xib */; };
/* End PBXBuildFile section */

/* Begin PBXFileReference section */
		6A2F0E7D170E5E2C0069161C /* FoodViewController.xib */ = {isa = PBXFileReference; fileEncoding = 4; lastKnownFileType = file.xib; path = FoodViewController.xib; sourceTree = "<group>"; };
		6A2F0E80170E61D00069161C /* FoodCell.h */ = {isa = PBXFileReference; fileEncoding = 4; lastKnownFileType = sourcecode.c.h; path = FoodCell.h; sourceTree = "<group>"; };
		6A2F0E81170E61D00069161C /* FoodCell.m */ = {isa = PBXFileReference; fileEncoding = 4; lastKnownFileType = sourcecode.c.objc; path = FoodCell.m; sourceTree = "<group>"; };
		6A2F0E85170E6D150069161C /* FoodViewController.h */ = {isa = PBXFileReference; fileEncoding = 4; lastKnownFileType = sourcecode.c.h; path = FoodViewController.h; sourceTree = "<group>"; };
		6A2F0E86170E6D150069161C /* FoodViewController.m */ = {isa = PBXFileReference; fileEncoding = 4; lastKnownFileType = sourcecode.c.objc; path = FoodViewController.m; sourceTree = "<group>"; };
		6A83F73A1710CBC900EAD1CA /* bacActionSheet.h */ = {isa = PBXFileReference; fileEncoding = 4; lastKnownFileType = sourcecode.c.h; path = bacActionSheet.h; sourceTree = "<group>"; };
		6A83F73B1710CBC900EAD1CA /* bacActionSheet.m */ = {isa = PBXFileReference; fileEncoding = 4; lastKnownFileType = sourcecode.c.objc; path = bacActionSheet.m; sourceTree = "<group>"; };
		6AC9E7F0170E703000E7427F /* FoodCellView.xib */ = {isa = PBXFileReference; fileEncoding = 4; lastKnownFileType = file.xib; path = FoodCellView.xib; sourceTree = "<group>"; };
		6ADB9004170FC38E005C90A8 /* DrinkCounterViewController.h */ = {isa = PBXFileReference; fileEncoding = 4; lastKnownFileType = sourcecode.c.h; path = DrinkCounterViewController.h; sourceTree = "<group>"; };
		6ADB9005170FC38E005C90A8 /* DrinkCounterViewController.m */ = {isa = PBXFileReference; fileEncoding = 4; lastKnownFileType = sourcecode.c.objc; path = DrinkCounterViewController.m; sourceTree = "<group>"; };
		6ADB9006170FC38E005C90A8 /* DrinkCounterViewController.xib */ = {isa = PBXFileReference; fileEncoding = 4; lastKnownFileType = file.xib; path = DrinkCounterViewController.xib; sourceTree = "<group>"; };
		B33EF134170E4E7500874419 /* PictureViewController.h */ = {isa = PBXFileReference; fileEncoding = 4; lastKnownFileType = sourcecode.c.h; path = PictureViewController.h; sourceTree = "<group>"; };
		B33EF135170E4E7500874419 /* PictureViewController.m */ = {isa = PBXFileReference; fileEncoding = 4; lastKnownFileType = sourcecode.c.objc; path = PictureViewController.m; sourceTree = "<group>"; };
		B33EF136170E4E7500874419 /* PictureViewController.xib */ = {isa = PBXFileReference; fileEncoding = 4; lastKnownFileType = file.xib; path = PictureViewController.xib; sourceTree = "<group>"; };
		B33EF139170E6E7700874419 /* overlay1.png */ = {isa = PBXFileReference; lastKnownFileType = image.png; path = overlay1.png; sourceTree = "<group>"; };
		B3880F86170CA64000032F40 /* IviesCompanionApp.app */ = {isa = PBXFileReference; explicitFileType = wrapper.application; includeInIndex = 0; path = IviesCompanionApp.app; sourceTree = BUILT_PRODUCTS_DIR; };
		B3880F89170CA64000032F40 /* UIKit.framework */ = {isa = PBXFileReference; lastKnownFileType = wrapper.framework; name = UIKit.framework; path = System/Library/Frameworks/UIKit.framework; sourceTree = SDKROOT; };
		B3880F8B170CA64000032F40 /* Foundation.framework */ = {isa = PBXFileReference; lastKnownFileType = wrapper.framework; name = Foundation.framework; path = System/Library/Frameworks/Foundation.framework; sourceTree = SDKROOT; };
		B3880F8D170CA64000032F40 /* CoreGraphics.framework */ = {isa = PBXFileReference; lastKnownFileType = wrapper.framework; name = CoreGraphics.framework; path = System/Library/Frameworks/CoreGraphics.framework; sourceTree = SDKROOT; };
		B3880F91170CA64000032F40 /* IviesCompanionApp-Info.plist */ = {isa = PBXFileReference; lastKnownFileType = text.plist.xml; path = "IviesCompanionApp-Info.plist"; sourceTree = "<group>"; };
		B3880F93170CA64000032F40 /* en */ = {isa = PBXFileReference; lastKnownFileType = text.plist.strings; name = en; path = en.lproj/InfoPlist.strings; sourceTree = "<group>"; };
		B3880F95170CA64000032F40 /* main.m */ = {isa = PBXFileReference; lastKnownFileType = sourcecode.c.objc; path = main.m; sourceTree = "<group>"; };
		B3880F97170CA64000032F40 /* IviesCompanionApp-Prefix.pch */ = {isa = PBXFileReference; lastKnownFileType = sourcecode.c.h; path = "IviesCompanionApp-Prefix.pch"; sourceTree = "<group>"; };
		B3880F98170CA64000032F40 /* AppDelegate.h */ = {isa = PBXFileReference; lastKnownFileType = sourcecode.c.h; path = AppDelegate.h; sourceTree = "<group>"; };
		B3880F99170CA64000032F40 /* AppDelegate.m */ = {isa = PBXFileReference; lastKnownFileType = sourcecode.c.objc; path = AppDelegate.m; sourceTree = "<group>"; };
		B3880F9B170CA64000032F40 /* Default.png */ = {isa = PBXFileReference; lastKnownFileType = image.png; path = Default.png; sourceTree = "<group>"; };
		B3880F9D170CA64000032F40 /* Default@2x.png */ = {isa = PBXFileReference; lastKnownFileType = image.png; path = "Default@2x.png"; sourceTree = "<group>"; };
		B3880F9F170CA64000032F40 /* Default-568h@2x.png */ = {isa = PBXFileReference; lastKnownFileType = image.png; path = "Default-568h@2x.png"; sourceTree = "<group>"; };
		B3880FA1170CA64000032F40 /* MainViewController.h */ = {isa = PBXFileReference; lastKnownFileType = sourcecode.c.h; path = MainViewController.h; sourceTree = "<group>"; };
		B3880FA2170CA64000032F40 /* MainViewController.m */ = {isa = PBXFileReference; lastKnownFileType = sourcecode.c.objc; path = MainViewController.m; sourceTree = "<group>"; };
		B3880FA5170CA64000032F40 /* en */ = {isa = PBXFileReference; lastKnownFileType = file.xib; name = en; path = en.lproj/ViewController_iPhone.xib; sourceTree = "<group>"; };
		B3880FA8170CA64000032F40 /* en */ = {isa = PBXFileReference; lastKnownFileType = file.xib; name = en; path = en.lproj/ViewController_iPad.xib; sourceTree = "<group>"; };
		B3880FB0170CA97400032F40 /* LauncherCell.h */ = {isa = PBXFileReference; fileEncoding = 4; lastKnownFileType = sourcecode.c.h; path = LauncherCell.h; sourceTree = "<group>"; };
		B3880FB1170CA97400032F40 /* LauncherCell.m */ = {isa = PBXFileReference; fileEncoding = 4; lastKnownFileType = sourcecode.c.objc; path = LauncherCell.m; sourceTree = "<group>"; };
		B3880FB7170CAAE500032F40 /* LauncherCell.xib */ = {isa = PBXFileReference; fileEncoding = 4; lastKnownFileType = file.xib; path = LauncherCell.xib; sourceTree = "<group>"; };
/* End PBXFileReference section */

/* Begin PBXFrameworksBuildPhase section */
		B3880F83170CA64000032F40 /* Frameworks */ = {
			isa = PBXFrameworksBuildPhase;
			buildActionMask = 2147483647;
			files = (
				B3880F8A170CA64000032F40 /* UIKit.framework in Frameworks */,
				B3880F8C170CA64000032F40 /* Foundation.framework in Frameworks */,
				B3880F8E170CA64000032F40 /* CoreGraphics.framework in Frameworks */,
			);
			runOnlyForDeploymentPostprocessing = 0;
		};
/* End PBXFrameworksBuildPhase section */

/* Begin PBXGroup section */
		B3880F7D170CA64000032F40 = {
			isa = PBXGroup;
			children = (
				B3880F8F170CA64000032F40 /* IviesCompanionApp */,
				B3880F88170CA64000032F40 /* Frameworks */,
				B3880F87170CA64000032F40 /* Products */,
			);
			sourceTree = "<group>";
		};
		B3880F87170CA64000032F40 /* Products */ = {
			isa = PBXGroup;
			children = (
				B3880F86170CA64000032F40 /* IviesCompanionApp.app */,
			);
			name = Products;
			sourceTree = "<group>";
		};
		B3880F88170CA64000032F40 /* Frameworks */ = {
			isa = PBXGroup;
			children = (
				B3880F89170CA64000032F40 /* UIKit.framework */,
				B3880F8B170CA64000032F40 /* Foundation.framework */,
				B3880F8D170CA64000032F40 /* CoreGraphics.framework */,
			);
			name = Frameworks;
			sourceTree = "<group>";
		};
		B3880F8F170CA64000032F40 /* IviesCompanionApp */ = {
			isa = PBXGroup;
			children = (
				B33EF139170E6E7700874419 /* overlay1.png */,
				B3880F98170CA64000032F40 /* AppDelegate.h */,
				B3880F99170CA64000032F40 /* AppDelegate.m */,
				B3880FA1170CA64000032F40 /* MainViewController.h */,
				B3880FA2170CA64000032F40 /* MainViewController.m */,
				6A2F0E85170E6D150069161C /* FoodViewController.h */,
				6A2F0E86170E6D150069161C /* FoodViewController.m */,
				6A2F0E7D170E5E2C0069161C /* FoodViewController.xib */,
				6A2F0E80170E61D00069161C /* FoodCell.h */,
				6A2F0E81170E61D00069161C /* FoodCell.m */,
				6AC9E7F0170E703000E7427F /* FoodCellView.xib */,
				B3880FA4170CA64000032F40 /* ViewController_iPhone.xib */,
				B3880FA7170CA64000032F40 /* ViewController_iPad.xib */,
				B3880FB0170CA97400032F40 /* LauncherCell.h */,
				B3880FB1170CA97400032F40 /* LauncherCell.m */,
				B3880FB7170CAAE500032F40 /* LauncherCell.xib */,
				B33EF134170E4E7500874419 /* PictureViewController.h */,
				B33EF135170E4E7500874419 /* PictureViewController.m */,
				B33EF136170E4E7500874419 /* PictureViewController.xib */,
				6A83F73A1710CBC900EAD1CA /* bacActionSheet.h */,
				6A83F73B1710CBC900EAD1CA /* bacActionSheet.m */,
				6ADB9004170FC38E005C90A8 /* DrinkCounterViewController.h */,
				6ADB9005170FC38E005C90A8 /* DrinkCounterViewController.m */,
				6ADB9006170FC38E005C90A8 /* DrinkCounterViewController.xib */,
				B3880F90170CA64000032F40 /* Supporting Files */,
			);
			path = IviesCompanionApp;
			sourceTree = "<group>";
		};
		B3880F90170CA64000032F40 /* Supporting Files */ = {
			isa = PBXGroup;
			children = (
				B3880F91170CA64000032F40 /* IviesCompanionApp-Info.plist */,
				B3880F92170CA64000032F40 /* InfoPlist.strings */,
				B3880F95170CA64000032F40 /* main.m */,
				B3880F97170CA64000032F40 /* IviesCompanionApp-Prefix.pch */,
				B3880F9B170CA64000032F40 /* Default.png */,
				B3880F9D170CA64000032F40 /* Default@2x.png */,
				B3880F9F170CA64000032F40 /* Default-568h@2x.png */,
			);
			name = "Supporting Files";
			sourceTree = "<group>";
		};
/* End PBXGroup section */

/* Begin PBXNativeTarget section */
		B3880F85170CA64000032F40 /* IviesCompanionApp */ = {
			isa = PBXNativeTarget;
			buildConfigurationList = B3880FAC170CA64000032F40 /* Build configuration list for PBXNativeTarget "IviesCompanionApp" */;
			buildPhases = (
				B3880F82170CA64000032F40 /* Sources */,
				B3880F83170CA64000032F40 /* Frameworks */,
				B3880F84170CA64000032F40 /* Resources */,
			);
			buildRules = (
			);
			dependencies = (
			);
			name = IviesCompanionApp;
			productName = IviesCompanionApp;
			productReference = B3880F86170CA64000032F40 /* IviesCompanionApp.app */;
			productType = "com.apple.product-type.application";
		};
/* End PBXNativeTarget section */

/* Begin PBXProject section */
		B3880F7E170CA64000032F40 /* Project object */ = {
			isa = PBXProject;
			attributes = {
				LastUpgradeCheck = 0460;
				ORGANIZATIONNAME = "Connor Smith";
			};
			buildConfigurationList = B3880F81170CA64000032F40 /* Build configuration list for PBXProject "IviesCompanionApp" */;
			compatibilityVersion = "Xcode 3.2";
			developmentRegion = English;
			hasScannedForEncodings = 0;
			knownRegions = (
				en,
			);
			mainGroup = B3880F7D170CA64000032F40;
			productRefGroup = B3880F87170CA64000032F40 /* Products */;
			projectDirPath = "";
			projectRoot = "";
			targets = (
				B3880F85170CA64000032F40 /* IviesCompanionApp */,
			);
		};
/* End PBXProject section */

/* Begin PBXResourcesBuildPhase section */
		B3880F84170CA64000032F40 /* Resources */ = {
			isa = PBXResourcesBuildPhase;
			buildActionMask = 2147483647;
			files = (
				B3880F94170CA64000032F40 /* InfoPlist.strings in Resources */,
				B3880F9C170CA64000032F40 /* Default.png in Resources */,
				B3880F9E170CA64000032F40 /* Default@2x.png in Resources */,
				B3880FA0170CA64000032F40 /* Default-568h@2x.png in Resources */,
				B3880FA6170CA64000032F40 /* ViewController_iPhone.xib in Resources */,
				B3880FA9170CA64000032F40 /* ViewController_iPad.xib in Resources */,
				B3880FB8170CAAE500032F40 /* LauncherCell.xib in Resources */,
				B33EF138170E4E7500874419 /* PictureViewController.xib in Resources */,
				B33EF13A170E6E7700874419 /* overlay1.png in Resources */,
				6A2F0E7F170E5E2C0069161C /* FoodViewController.xib in Resources */,
				6AC9E7F1170E703000E7427F /* FoodCellView.xib in Resources */,
				6ADB9008170FC38E005C90A8 /* DrinkCounterViewController.xib in Resources */,
			);
			runOnlyForDeploymentPostprocessing = 0;
		};
/* End PBXResourcesBuildPhase section */

/* Begin PBXSourcesBuildPhase section */
		B3880F82170CA64000032F40 /* Sources */ = {
			isa = PBXSourcesBuildPhase;
			buildActionMask = 2147483647;
			files = (
				B3880F96170CA64000032F40 /* main.m in Sources */,
				B3880F9A170CA64000032F40 /* AppDelegate.m in Sources */,
				B3880FA3170CA64000032F40 /* MainViewController.m in Sources */,
				B3880FB2170CA97400032F40 /* LauncherCell.m in Sources */,
				B33EF137170E4E7500874419 /* PictureViewController.m in Sources */,
				6A2F0E82170E61D00069161C /* FoodCell.m in Sources */,
				6A2F0E87170E6D150069161C /* FoodViewController.m in Sources */,
				6ADB9007170FC38E005C90A8 /* DrinkCounterViewController.m in Sources */,
				6A83F73C1710CBC900EAD1CA /* bacActionSheet.m in Sources */,
			);
			runOnlyForDeploymentPostprocessing = 0;
		};
/* End PBXSourcesBuildPhase section */

/* Begin PBXVariantGroup section */
		B3880F92170CA64000032F40 /* InfoPlist.strings */ = {
			isa = PBXVariantGroup;
			children = (
				B3880F93170CA64000032F40 /* en */,
			);
			name = InfoPlist.strings;
			sourceTree = "<group>";
		};
		B3880FA4170CA64000032F40 /* ViewController_iPhone.xib */ = {
			isa = PBXVariantGroup;
			children = (
				B3880FA5170CA64000032F40 /* en */,
			);
			name = ViewController_iPhone.xib;
			sourceTree = "<group>";
		};
		B3880FA7170CA64000032F40 /* ViewController_iPad.xib */ = {
			isa = PBXVariantGroup;
			children = (
				B3880FA8170CA64000032F40 /* en */,
			);
			name = ViewController_iPad.xib;
			sourceTree = "<group>";
		};
/* End PBXVariantGroup section */

/* Begin XCBuildConfiguration section */
		B3880FAA170CA64000032F40 /* Debug */ = {
			isa = XCBuildConfiguration;
			buildSettings = {
				ALWAYS_SEARCH_USER_PATHS = NO;
				CLANG_CXX_LANGUAGE_STANDARD = "gnu++0x";
				CLANG_CXX_LIBRARY = "libc++";
				CLANG_ENABLE_OBJC_ARC = YES;
				CLANG_WARN_CONSTANT_CONVERSION = YES;
				CLANG_WARN_EMPTY_BODY = YES;
				CLANG_WARN_ENUM_CONVERSION = YES;
				CLANG_WARN_INT_CONVERSION = YES;
				CLANG_WARN__DUPLICATE_METHOD_MATCH = YES;
				"CODE_SIGN_IDENTITY[sdk=iphoneos*]" = "iPhone Developer";
				COPY_PHASE_STRIP = NO;
				GCC_C_LANGUAGE_STANDARD = gnu99;
				GCC_DYNAMIC_NO_PIC = NO;
				GCC_OPTIMIZATION_LEVEL = 0;
				GCC_PREPROCESSOR_DEFINITIONS = (
					"DEBUG=1",
					"$(inherited)",
				);
				GCC_SYMBOLS_PRIVATE_EXTERN = NO;
				GCC_WARN_ABOUT_RETURN_TYPE = YES;
				GCC_WARN_UNINITIALIZED_AUTOS = YES;
				GCC_WARN_UNUSED_VARIABLE = YES;
				IPHONEOS_DEPLOYMENT_TARGET = 6.1;
				ONLY_ACTIVE_ARCH = YES;
				SDKROOT = iphoneos;
				TARGETED_DEVICE_FAMILY = "1,2";
			};
			name = Debug;
		};
		B3880FAB170CA64000032F40 /* Release */ = {
			isa = XCBuildConfiguration;
			buildSettings = {
				ALWAYS_SEARCH_USER_PATHS = NO;
				CLANG_CXX_LANGUAGE_STANDARD = "gnu++0x";
				CLANG_CXX_LIBRARY = "libc++";
				CLANG_ENABLE_OBJC_ARC = YES;
				CLANG_WARN_CONSTANT_CONVERSION = YES;
				CLANG_WARN_EMPTY_BODY = YES;
				CLANG_WARN_ENUM_CONVERSION = YES;
				CLANG_WARN_INT_CONVERSION = YES;
				CLANG_WARN__DUPLICATE_METHOD_MATCH = YES;
				"CODE_SIGN_IDENTITY[sdk=iphoneos*]" = "iPhone Developer";
				COPY_PHASE_STRIP = YES;
				GCC_C_LANGUAGE_STANDARD = gnu99;
				GCC_WARN_ABOUT_RETURN_TYPE = YES;
				GCC_WARN_UNINITIALIZED_AUTOS = YES;
				GCC_WARN_UNUSED_VARIABLE = YES;
				IPHONEOS_DEPLOYMENT_TARGET = 6.1;
				OTHER_CFLAGS = "-DNS_BLOCK_ASSERTIONS=1";
				SDKROOT = iphoneos;
				TARGETED_DEVICE_FAMILY = "1,2";
				VALIDATE_PRODUCT = YES;
			};
			name = Release;
		};
		B3880FAD170CA64000032F40 /* Debug */ = {
			isa = XCBuildConfiguration;
			buildSettings = {
				CODE_SIGN_IDENTITY = "iPhone Developer: Connor Smith (NHN86X7388)";
				"CODE_SIGN_IDENTITY[sdk=iphoneos*]" = "iPhone Developer: Connor Smith (NHN86X7388)";
				GCC_PRECOMPILE_PREFIX_HEADER = YES;
				GCC_PREFIX_HEADER = "IviesCompanionApp/IviesCompanionApp-Prefix.pch";
				INFOPLIST_FILE = "IviesCompanionApp/IviesCompanionApp-Info.plist";
				PRODUCT_NAME = "$(TARGET_NAME)";
				PROVISIONING_PROFILE = "732B363B-E22F-43AA-85DC-6B0570C6B5A9";
				"PROVISIONING_PROFILE[sdk=iphoneos*]" = "732B363B-E22F-43AA-85DC-6B0570C6B5A9";
				WRAPPER_EXTENSION = app;
			};
			name = Debug;
		};
		B3880FAE170CA64000032F40 /* Release */ = {
			isa = XCBuildConfiguration;
			buildSettings = {
				CODE_SIGN_IDENTITY = "iPhone Developer: Connor Smith (NHN86X7388)";
				"CODE_SIGN_IDENTITY[sdk=iphoneos*]" = "iPhone Developer: Connor Smith (NHN86X7388)";
				GCC_PRECOMPILE_PREFIX_HEADER = YES;
				GCC_PREFIX_HEADER = "IviesCompanionApp/IviesCompanionApp-Prefix.pch";
				INFOPLIST_FILE = "IviesCompanionApp/IviesCompanionApp-Info.plist";
				PRODUCT_NAME = "$(TARGET_NAME)";
				PROVISIONING_PROFILE = "732B363B-E22F-43AA-85DC-6B0570C6B5A9";
				"PROVISIONING_PROFILE[sdk=iphoneos*]" = "732B363B-E22F-43AA-85DC-6B0570C6B5A9";
				WRAPPER_EXTENSION = app;
			};
			name = Release;
		};
/* End XCBuildConfiguration section */

/* Begin XCConfigurationList section */
		B3880F81170CA64000032F40 /* Build configuration list for PBXProject "IviesCompanionApp" */ = {
			isa = XCConfigurationList;
			buildConfigurations = (
				B3880FAA170CA64000032F40 /* Debug */,
				B3880FAB170CA64000032F40 /* Release */,
			);
			defaultConfigurationIsVisible = 0;
			defaultConfigurationName = Release;
		};
		B3880FAC170CA64000032F40 /* Build configuration list for PBXNativeTarget "IviesCompanionApp" */ = {
			isa = XCConfigurationList;
			buildConfigurations = (
				B3880FAD170CA64000032F40 /* Debug */,
				B3880FAE170CA64000032F40 /* Release */,
			);
			defaultConfigurationIsVisible = 0;
			defaultConfigurationName = Release;
		};
/* End XCConfigurationList section */
	};
	rootObject = B3880F7E170CA64000032F40 /* Project object */;
}
